
Microsoft Visual Studio Solution File, Format Version 12.00
# Visual Studio 14
VisualStudioVersion = 14.0.25420.1
MinimumVisualStudioVersion = 10.0.40219.1
Project("{FAE04EC0-301F-11D3-BF4B-00C04F79EFBC}") = "BitcoinWallet", "BitcoinWallet\BitcoinWallet\BitcoinWallet.csproj", "{3DCF37E9-8D25-4B43-9C4D-0DB6C6B23E34}"
EndProject
Project("{FAE04EC0-301F-11D3-BF4B-00C04F79EFBC}") = "BitcoinWallet.Droid", "BitcoinWallet\BitcoinWallet.Droid\BitcoinWallet.Droid.csproj", "{195A6A7B-5EF5-4EF1-A348-A82047556339}"
EndProject
Project("{FAE04EC0-301F-11D3-BF4B-00C04F79EFBC}") = "BitcoinWallet.iOS", "BitcoinWallet\BitcoinWallet.iOS\BitcoinWallet.iOS.csproj", "{E24F7654-4756-4022-97BD-DD4C4D6E2141}"
EndProject
Project("{FAE04EC0-301F-11D3-BF4B-00C04F79EFBC}") = "BitcoinWallet.UWP", "BitcoinWallet\BitcoinWallet.UWP\BitcoinWallet.UWP.csproj", "{C51571D9-D7F8-4B24-B6AB-EB867676AB3D}"
EndProject
Project("{FAE04EC0-301F-11D3-BF4B-00C04F79EFBC}") = "BitcoinWallet.WinPhone", "BitcoinWallet\BitcoinWallet.WinPhone\BitcoinWallet.WinPhone.csproj", "{D9744905-67C3-4422-8036-5A15A72F4629}"
EndProject
Global
	GlobalSection(SolutionConfigurationPlatforms) = preSolution
		Ad-Hoc|Any CPU = Ad-Hoc|Any CPU
		Ad-Hoc|ARM = Ad-Hoc|ARM
		Ad-Hoc|iPhone = Ad-Hoc|iPhone
		Ad-Hoc|iPhoneSimulator = Ad-Hoc|iPhoneSimulator
		Ad-Hoc|x64 = Ad-Hoc|x64
		Ad-Hoc|x86 = Ad-Hoc|x86
		AppStore|Any CPU = AppStore|Any CPU
		AppStore|ARM = AppStore|ARM
		AppStore|iPhone = AppStore|iPhone
		AppStore|iPhoneSimulator = AppStore|iPhoneSimulator
		AppStore|x64 = AppStore|x64
		AppStore|x86 = AppStore|x86
		Debug|Any CPU = Debug|Any CPU
		Debug|ARM = Debug|ARM
		Debug|iPhone = Debug|iPhone
		Debug|iPhoneSimulator = Debug|iPhoneSimulator
		Debug|x64 = Debug|x64
		Debug|x86 = Debug|x86
		Release|Any CPU = Release|Any CPU
		Release|ARM = Release|ARM
		Release|iPhone = Release|iPhone
		Release|iPhoneSimulator = Release|iPhoneSimulator
		Release|x64 = Release|x64
		Release|x86 = Release|x86
	EndGlobalSection
	GlobalSection(ProjectConfigurationPlatforms) = postSolution
		{3DCF37E9-8D25-4B43-9C4D-0DB6C6B23E34}.Ad-Hoc|Any CPU.ActiveCfg = Release|Any CPU
		{3DCF37E9-8D25-4B43-9C4D-0DB6C6B23E34}.Ad-Hoc|Any CPU.Build.0 = Release|Any CPU
		{3DCF37E9-8D25-4B43-9C4D-0DB6C6B23E34}.Ad-Hoc|ARM.ActiveCfg = Release|Any CPU
		{3DCF37E9-8D25-4B43-9C4D-0DB6C6B23E34}.Ad-Hoc|ARM.Build.0 = Release|Any CPU
		{3DCF37E9-8D25-4B43-9C4D-0DB6C6B23E34}.Ad-Hoc|iPhone.ActiveCfg = Release|Any CPU
		{3DCF37E9-8D25-4B43-9C4D-0DB6C6B23E34}.Ad-Hoc|iPhone.Build.0 = Release|Any CPU
		{3DCF37E9-8D25-4B43-9C4D-0DB6C6B23E34}.Ad-Hoc|iPhoneSimulator.ActiveCfg = Release|Any CPU
		{3DCF37E9-8D25-4B43-9C4D-0DB6C6B23E34}.Ad-Hoc|iPhoneSimulator.Build.0 = Release|Any CPU
		{3DCF37E9-8D25-4B43-9C4D-0DB6C6B23E34}.Ad-Hoc|x64.ActiveCfg = Release|Any CPU
		{3DCF37E9-8D25-4B43-9C4D-0DB6C6B23E34}.Ad-Hoc|x64.Build.0 = Release|Any CPU
		{3DCF37E9-8D25-4B43-9C4D-0DB6C6B23E34}.Ad-Hoc|x86.ActiveCfg = Release|Any CPU
		{3DCF37E9-8D25-4B43-9C4D-0DB6C6B23E34}.Ad-Hoc|x86.Build.0 = Release|Any CPU
		{3DCF37E9-8D25-4B43-9C4D-0DB6C6B23E34}.AppStore|Any CPU.ActiveCfg = Release|Any CPU
		{3DCF37E9-8D25-4B43-9C4D-0DB6C6B23E34}.AppStore|Any CPU.Build.0 = Release|Any CPU
		{3DCF37E9-8D25-4B43-9C4D-0DB6C6B23E34}.AppStore|ARM.ActiveCfg = Release|Any CPU
		{3DCF37E9-8D25-4B43-9C4D-0DB6C6B23E34}.AppStore|ARM.Build.0 = Release|Any CPU
		{3DCF37E9-8D25-4B43-9C4D-0DB6C6B23E34}.AppStore|iPhone.ActiveCfg = Release|Any CPU
		{3DCF37E9-8D25-4B43-9C4D-0DB6C6B23E34}.AppStore|iPhone.Build.0 = Release|Any CPU
		{3DCF37E9-8D25-4B43-9C4D-0DB6C6B23E34}.AppStore|iPhoneSimulator.ActiveCfg = Release|Any CPU
		{3DCF37E9-8D25-4B43-9C4D-0DB6C6B23E34}.AppStore|iPhoneSimulator.Build.0 = Release|Any CPU
		{3DCF37E9-8D25-4B43-9C4D-0DB6C6B23E34}.AppStore|x64.ActiveCfg = Release|Any CPU
		{3DCF37E9-8D25-4B43-9C4D-0DB6C6B23E34}.AppStore|x64.Build.0 = Release|Any CPU
		{3DCF37E9-8D25-4B43-9C4D-0DB6C6B23E34}.AppStore|x86.ActiveCfg = Release|Any CPU
		{3DCF37E9-8D25-4B43-9C4D-0DB6C6B23E34}.AppStore|x86.Build.0 = Release|Any CPU
		{3DCF37E9-8D25-4B43-9C4D-0DB6C6B23E34}.Debug|Any CPU.ActiveCfg = Debug|Any CPU
		{3DCF37E9-8D25-4B43-9C4D-0DB6C6B23E34}.Debug|Any CPU.Build.0 = Debug|Any CPU
		{3DCF37E9-8D25-4B43-9C4D-0DB6C6B23E34}.Debug|ARM.ActiveCfg = Debug|Any CPU
		{3DCF37E9-8D25-4B43-9C4D-0DB6C6B23E34}.Debug|ARM.Build.0 = Debug|Any CPU
		{3DCF37E9-8D25-4B43-9C4D-0DB6C6B23E34}.Debug|iPhone.ActiveCfg = Debug|Any CPU
		{3DCF37E9-8D25-4B43-9C4D-0DB6C6B23E34}.Debug|iPhone.Build.0 = Debug|Any CPU
		{3DCF37E9-8D25-4B43-9C4D-0DB6C6B23E34}.Debug|iPhoneSimulator.ActiveCfg = Debug|Any CPU
		{3DCF37E9-8D25-4B43-9C4D-0DB6C6B23E34}.Debug|iPhoneSimulator.Build.0 = Debug|Any CPU
		{3DCF37E9-8D25-4B43-9C4D-0DB6C6B23E34}.Debug|x64.ActiveCfg = Debug|Any CPU
		{3DCF37E9-8D25-4B43-9C4D-0DB6C6B23E34}.Debug|x64.Build.0 = Debug|Any CPU
		{3DCF37E9-8D25-4B43-9C4D-0DB6C6B23E34}.Debug|x86.ActiveCfg = Debug|Any CPU
		{3DCF37E9-8D25-4B43-9C4D-0DB6C6B23E34}.Debug|x86.Build.0 = Debug|Any CPU
		{3DCF37E9-8D25-4B43-9C4D-0DB6C6B23E34}.Release|Any CPU.ActiveCfg = Release|Any CPU
		{3DCF37E9-8D25-4B43-9C4D-0DB6C6B23E34}.Release|Any CPU.Build.0 = Release|Any CPU
		{3DCF37E9-8D25-4B43-9C4D-0DB6C6B23E34}.Release|ARM.ActiveCfg = Release|Any CPU
		{3DCF37E9-8D25-4B43-9C4D-0DB6C6B23E34}.Release|ARM.Build.0 = Release|Any CPU
		{3DCF37E9-8D25-4B43-9C4D-0DB6C6B23E34}.Release|iPhone.ActiveCfg = Release|Any CPU
		{3DCF37E9-8D25-4B43-9C4D-0DB6C6B23E34}.Release|iPhone.Build.0 = Release|Any CPU
		{3DCF37E9-8D25-4B43-9C4D-0DB6C6B23E34}.Release|iPhoneSimulator.ActiveCfg = Release|Any CPU
		{3DCF37E9-8D25-4B43-9C4D-0DB6C6B23E34}.Release|iPhoneSimulator.Build.0 = Release|Any CPU
		{3DCF37E9-8D25-4B43-9C4D-0DB6C6B23E34}.Release|x64.ActiveCfg = Release|Any CPU
		{3DCF37E9-8D25-4B43-9C4D-0DB6C6B23E34}.Release|x64.Build.0 = Release|Any CPU
		{3DCF37E9-8D25-4B43-9C4D-0DB6C6B23E34}.Release|x86.ActiveCfg = Release|Any CPU
		{3DCF37E9-8D25-4B43-9C4D-0DB6C6B23E34}.Release|x86.Build.0 = Release|Any CPU
		{195A6A7B-5EF5-4EF1-A348-A82047556339}.Ad-Hoc|Any CPU.ActiveCfg = Release|Any CPU
		{195A6A7B-5EF5-4EF1-A348-A82047556339}.Ad-Hoc|Any CPU.Build.0 = Release|Any CPU
		{195A6A7B-5EF5-4EF1-A348-A82047556339}.Ad-Hoc|Any CPU.Deploy.0 = Release|Any CPU
		{195A6A7B-5EF5-4EF1-A348-A82047556339}.Ad-Hoc|ARM.ActiveCfg = Release|Any CPU
		{195A6A7B-5EF5-4EF1-A348-A82047556339}.Ad-Hoc|ARM.Build.0 = Release|Any CPU
		{195A6A7B-5EF5-4EF1-A348-A82047556339}.Ad-Hoc|ARM.Deploy.0 = Release|Any CPU
		{195A6A7B-5EF5-4EF1-A348-A82047556339}.Ad-Hoc|iPhone.ActiveCfg = Release|Any CPU
		{195A6A7B-5EF5-4EF1-A348-A82047556339}.Ad-Hoc|iPhone.Build.0 = Release|Any CPU
		{195A6A7B-5EF5-4EF1-A348-A82047556339}.Ad-Hoc|iPhone.Deploy.0 = Release|Any CPU
		{195A6A7B-5EF5-4EF1-A348-A82047556339}.Ad-Hoc|iPhoneSimulator.ActiveCfg = Release|Any CPU
		{195A6A7B-5EF5-4EF1-A348-A82047556339}.Ad-Hoc|iPhoneSimulator.Build.0 = Release|Any CPU
		{195A6A7B-5EF5-4EF1-A348-A82047556339}.Ad-Hoc|iPhoneSimulator.Deploy.0 = Release|Any CPU
		{195A6A7B-5EF5-4EF1-A348-A82047556339}.Ad-Hoc|x64.ActiveCfg = Release|Any CPU
		{195A6A7B-5EF5-4EF1-A348-A82047556339}.Ad-Hoc|x64.Build.0 = Release|Any CPU
		{195A6A7B-5EF5-4EF1-A348-A82047556339}.Ad-Hoc|x64.Deploy.0 = Release|Any CPU
		{195A6A7B-5EF5-4EF1-A348-A82047556339}.Ad-Hoc|x86.ActiveCfg = Release|Any CPU
		{195A6A7B-5EF5-4EF1-A348-A82047556339}.Ad-Hoc|x86.Build.0 = Release|Any CPU
		{195A6A7B-5EF5-4EF1-A348-A82047556339}.Ad-Hoc|x86.Deploy.0 = Release|Any CPU
		{195A6A7B-5EF5-4EF1-A348-A82047556339}.AppStore|Any CPU.ActiveCfg = Release|Any CPU
		{195A6A7B-5EF5-4EF1-A348-A82047556339}.AppStore|Any CPU.Build.0 = Release|Any CPU
		{195A6A7B-5EF5-4EF1-A348-A82047556339}.AppStore|Any CPU.Deploy.0 = Release|Any CPU
		{195A6A7B-5EF5-4EF1-A348-A82047556339}.AppStore|ARM.ActiveCfg = Release|Any CPU
		{195A6A7B-5EF5-4EF1-A348-A82047556339}.AppStore|ARM.Build.0 = Release|Any CPU
		{195A6A7B-5EF5-4EF1-A348-A82047556339}.AppStore|ARM.Deploy.0 = Release|Any CPU
		{195A6A7B-5EF5-4EF1-A348-A82047556339}.AppStore|iPhone.ActiveCfg = Release|Any CPU
		{195A6A7B-5EF5-4EF1-A348-A82047556339}.AppStore|iPhone.Build.0 = Release|Any CPU
		{195A6A7B-5EF5-4EF1-A348-A82047556339}.AppStore|iPhone.Deploy.0 = Release|Any CPU
		{195A6A7B-5EF5-4EF1-A348-A82047556339}.AppStore|iPhoneSimulator.ActiveCfg = Release|Any CPU
		{195A6A7B-5EF5-4EF1-A348-A82047556339}.AppStore|iPhoneSimulator.Build.0 = Release|Any CPU
		{195A6A7B-5EF5-4EF1-A348-A82047556339}.AppStore|iPhoneSimulator.Deploy.0 = Release|Any CPU
		{195A6A7B-5EF5-4EF1-A348-A82047556339}.AppStore|x64.ActiveCfg = Release|Any CPU
		{195A6A7B-5EF5-4EF1-A348-A82047556339}.AppStore|x64.Build.0 = Release|Any CPU
		{195A6A7B-5EF5-4EF1-A348-A82047556339}.AppStore|x64.Deploy.0 = Release|Any CPU
		{195A6A7B-5EF5-4EF1-A348-A82047556339}.AppStore|x86.ActiveCfg = Release|Any CPU
		{195A6A7B-5EF5-4EF1-A348-A82047556339}.AppStore|x86.Build.0 = Release|Any CPU
		{195A6A7B-5EF5-4EF1-A348-A82047556339}.AppStore|x86.Deploy.0 = Release|Any CPU
		{195A6A7B-5EF5-4EF1-A348-A82047556339}.Debug|Any CPU.ActiveCfg = Debug|Any CPU
		{195A6A7B-5EF5-4EF1-A348-A82047556339}.Debug|Any CPU.Build.0 = Debug|Any CPU
		{195A6A7B-5EF5-4EF1-A348-A82047556339}.Debug|Any CPU.Deploy.0 = Debug|Any CPU
		{195A6A7B-5EF5-4EF1-A348-A82047556339}.Debug|ARM.ActiveCfg = Debug|Any CPU
		{195A6A7B-5EF5-4EF1-A348-A82047556339}.Debug|ARM.Build.0 = Debug|Any CPU
		{195A6A7B-5EF5-4EF1-A348-A82047556339}.Debug|ARM.Deploy.0 = Debug|Any CPU
		{195A6A7B-5EF5-4EF1-A348-A82047556339}.Debug|iPhone.ActiveCfg = Debug|Any CPU
		{195A6A7B-5EF5-4EF1-A348-A82047556339}.Debug|iPhone.Build.0 = Debug|Any CPU
		{195A6A7B-5EF5-4EF1-A348-A82047556339}.Debug|iPhone.Deploy.0 = Debug|Any CPU
		{195A6A7B-5EF5-4EF1-A348-A82047556339}.Debug|iPhoneSimulator.ActiveCfg = Debug|Any CPU
		{195A6A7B-5EF5-4EF1-A348-A82047556339}.Debug|iPhoneSimulator.Build.0 = Debug|Any CPU
		{195A6A7B-5EF5-4EF1-A348-A82047556339}.Debug|iPhoneSimulator.Deploy.0 = Debug|Any CPU
		{195A6A7B-5EF5-4EF1-A348-A82047556339}.Debug|x64.ActiveCfg = Debug|Any CPU
		{195A6A7B-5EF5-4EF1-A348-A82047556339}.Debug|x64.Build.0 = Debug|Any CPU
		{195A6A7B-5EF5-4EF1-A348-A82047556339}.Debug|x64.Deploy.0 = Debug|Any CPU
		{195A6A7B-5EF5-4EF1-A348-A82047556339}.Debug|x86.ActiveCfg = Debug|Any CPU
		{195A6A7B-5EF5-4EF1-A348-A82047556339}.Debug|x86.Build.0 = Debug|Any CPU
		{195A6A7B-5EF5-4EF1-A348-A82047556339}.Debug|x86.Deploy.0 = Debug|Any CPU
		{195A6A7B-5EF5-4EF1-A348-A82047556339}.Release|Any CPU.ActiveCfg = Release|Any CPU
		{195A6A7B-5EF5-4EF1-A348-A82047556339}.Release|Any CPU.Build.0 = Release|Any CPU
		{195A6A7B-5EF5-4EF1-A348-A82047556339}.Release|Any CPU.Deploy.0 = Release|Any CPU
		{195A6A7B-5EF5-4EF1-A348-A82047556339}.Release|ARM.ActiveCfg = Release|Any CPU
		{195A6A7B-5EF5-4EF1-A348-A82047556339}.Release|ARM.Build.0 = Release|Any CPU
		{195A6A7B-5EF5-4EF1-A348-A82047556339}.Release|ARM.Deploy.0 = Release|Any CPU
		{195A6A7B-5EF5-4EF1-A348-A82047556339}.Release|iPhone.ActiveCfg = Release|Any CPU
		{195A6A7B-5EF5-4EF1-A348-A82047556339}.Release|iPhone.Build.0 = Release|Any CPU
		{195A6A7B-5EF5-4EF1-A348-A82047556339}.Release|iPhone.Deploy.0 = Release|Any CPU
		{195A6A7B-5EF5-4EF1-A348-A82047556339}.Release|iPhoneSimulator.ActiveCfg = Release|Any CPU
		{195A6A7B-5EF5-4EF1-A348-A82047556339}.Release|iPhoneSimulator.Build.0 = Release|Any CPU
		{195A6A7B-5EF5-4EF1-A348-A82047556339}.Release|iPhoneSimulator.Deploy.0 = Release|Any CPU
		{195A6A7B-5EF5-4EF1-A348-A82047556339}.Release|x64.ActiveCfg = Release|Any CPU
		{195A6A7B-5EF5-4EF1-A348-A82047556339}.Release|x64.Build.0 = Release|Any CPU
		{195A6A7B-5EF5-4EF1-A348-A82047556339}.Release|x64.Deploy.0 = Release|Any CPU
		{195A6A7B-5EF5-4EF1-A348-A82047556339}.Release|x86.ActiveCfg = Release|Any CPU
		{195A6A7B-5EF5-4EF1-A348-A82047556339}.Release|x86.Build.0 = Release|Any CPU
		{195A6A7B-5EF5-4EF1-A348-A82047556339}.Release|x86.Deploy.0 = Release|Any CPU
		{E24F7654-4756-4022-97BD-DD4C4D6E2141}.Ad-Hoc|Any CPU.ActiveCfg = Ad-Hoc|iPhone
		{E24F7654-4756-4022-97BD-DD4C4D6E2141}.Ad-Hoc|ARM.ActiveCfg = Ad-Hoc|iPhone
		{E24F7654-4756-4022-97BD-DD4C4D6E2141}.Ad-Hoc|iPhone.ActiveCfg = Ad-Hoc|iPhone
		{E24F7654-4756-4022-97BD-DD4C4D6E2141}.Ad-Hoc|iPhone.Build.0 = Ad-Hoc|iPhone
		{E24F7654-4756-4022-97BD-DD4C4D6E2141}.Ad-Hoc|iPhoneSimulator.ActiveCfg = Ad-Hoc|iPhoneSimulator
		{E24F7654-4756-4022-97BD-DD4C4D6E2141}.Ad-Hoc|iPhoneSimulator.Build.0 = Ad-Hoc|iPhoneSimulator
		{E24F7654-4756-4022-97BD-DD4C4D6E2141}.Ad-Hoc|x64.ActiveCfg = Ad-Hoc|iPhone
		{E24F7654-4756-4022-97BD-DD4C4D6E2141}.Ad-Hoc|x86.ActiveCfg = Ad-Hoc|iPhone
		{E24F7654-4756-4022-97BD-DD4C4D6E2141}.AppStore|Any CPU.ActiveCfg = AppStore|iPhone
		{E24F7654-4756-4022-97BD-DD4C4D6E2141}.AppStore|ARM.ActiveCfg = AppStore|iPhone
		{E24F7654-4756-4022-97BD-DD4C4D6E2141}.AppStore|iPhone.ActiveCfg = AppStore|iPhone
		{E24F7654-4756-4022-97BD-DD4C4D6E2141}.AppStore|iPhone.Build.0 = AppStore|iPhone
		{E24F7654-4756-4022-97BD-DD4C4D6E2141}.AppStore|iPhoneSimulator.ActiveCfg = AppStore|iPhoneSimulator
		{E24F7654-4756-4022-97BD-DD4C4D6E2141}.AppStore|iPhoneSimulator.Build.0 = AppStore|iPhoneSimulator
		{E24F7654-4756-4022-97BD-DD4C4D6E2141}.AppStore|x64.ActiveCfg = AppStore|iPhone
		{E24F7654-4756-4022-97BD-DD4C4D6E2141}.AppStore|x86.ActiveCfg = AppStore|iPhone
		{E24F7654-4756-4022-97BD-DD4C4D6E2141}.Debug|Any CPU.ActiveCfg = Debug|iPhone
		{E24F7654-4756-4022-97BD-DD4C4D6E2141}.Debug|ARM.ActiveCfg = Debug|iPhone
		{E24F7654-4756-4022-97BD-DD4C4D6E2141}.Debug|iPhone.ActiveCfg = Debug|iPhone
		{E24F7654-4756-4022-97BD-DD4C4D6E2141}.Debug|iPhone.Build.0 = Debug|iPhone
		{E24F7654-4756-4022-97BD-DD4C4D6E2141}.Debug|iPhoneSimulator.ActiveCfg = Debug|iPhoneSimulator
		{E24F7654-4756-4022-97BD-DD4C4D6E2141}.Debug|iPhoneSimulator.Build.0 = Debug|iPhoneSimulator
		{E24F7654-4756-4022-97BD-DD4C4D6E2141}.Debug|x64.ActiveCfg = Debug|iPhone
		{E24F7654-4756-4022-97BD-DD4C4D6E2141}.Debug|x86.ActiveCfg = Debug|iPhone
		{E24F7654-4756-4022-97BD-DD4C4D6E2141}.Release|Any CPU.ActiveCfg = Release|iPhone
		{E24F7654-4756-4022-97BD-DD4C4D6E2141}.Release|ARM.ActiveCfg = Release|iPhone
		{E24F7654-4756-4022-97BD-DD4C4D6E2141}.Release|iPhone.ActiveCfg = Release|iPhone
		{E24F7654-4756-4022-97BD-DD4C4D6E2141}.Release|iPhone.Build.0 = Release|iPhone
		{E24F7654-4756-4022-97BD-DD4C4D6E2141}.Release|iPhoneSimulator.ActiveCfg = Release|iPhoneSimulator
		{E24F7654-4756-4022-97BD-DD4C4D6E2141}.Release|iPhoneSimulator.Build.0 = Release|iPhoneSimulator
		{E24F7654-4756-4022-97BD-DD4C4D6E2141}.Release|x64.ActiveCfg = Release|iPhone
		{E24F7654-4756-4022-97BD-DD4C4D6E2141}.Release|x86.ActiveCfg = Release|iPhone
		{C51571D9-D7F8-4B24-B6AB-EB867676AB3D}.Ad-Hoc|Any CPU.ActiveCfg = Release|x86
		{C51571D9-D7F8-4B24-B6AB-EB867676AB3D}.Ad-Hoc|Any CPU.Build.0 = Release|x86
		{C51571D9-D7F8-4B24-B6AB-EB867676AB3D}.Ad-Hoc|Any CPU.Deploy.0 = Release|x86
		{C51571D9-D7F8-4B24-B6AB-EB867676AB3D}.Ad-Hoc|ARM.ActiveCfg = Release|ARM
		{C51571D9-D7F8-4B24-B6AB-EB867676AB3D}.Ad-Hoc|ARM.Build.0 = Release|ARM
		{C51571D9-D7F8-4B24-B6AB-EB867676AB3D}.Ad-Hoc|ARM.Deploy.0 = Release|ARM
		{C51571D9-D7F8-4B24-B6AB-EB867676AB3D}.Ad-Hoc|iPhone.ActiveCfg = Release|x86
		{C51571D9-D7F8-4B24-B6AB-EB867676AB3D}.Ad-Hoc|iPhone.Build.0 = Release|x86
		{C51571D9-D7F8-4B24-B6AB-EB867676AB3D}.Ad-Hoc|iPhone.Deploy.0 = Release|x86
		{C51571D9-D7F8-4B24-B6AB-EB867676AB3D}.Ad-Hoc|iPhoneSimulator.ActiveCfg = Release|x86
		{C51571D9-D7F8-4B24-B6AB-EB867676AB3D}.Ad-Hoc|iPhoneSimulator.Build.0 = Release|x86
		{C51571D9-D7F8-4B24-B6AB-EB867676AB3D}.Ad-Hoc|iPhoneSimulator.Deploy.0 = Release|x86
		{C51571D9-D7F8-4B24-B6AB-EB867676AB3D}.Ad-Hoc|x64.ActiveCfg = Release|x64
		{C51571D9-D7F8-4B24-B6AB-EB867676AB3D}.Ad-Hoc|x64.Build.0 = Release|x64
		{C51571D9-D7F8-4B24-B6AB-EB867676AB3D}.Ad-Hoc|x64.Deploy.0 = Release|x64
		{C51571D9-D7F8-4B24-B6AB-EB867676AB3D}.Ad-Hoc|x86.ActiveCfg = Release|x86
		{C51571D9-D7F8-4B24-B6AB-EB867676AB3D}.Ad-Hoc|x86.Build.0 = Release|x86
		{C51571D9-D7F8-4B24-B6AB-EB867676AB3D}.Ad-Hoc|x86.Deploy.0 = Release|x86
		{C51571D9-D7F8-4B24-B6AB-EB867676AB3D}.AppStore|Any CPU.ActiveCfg = Release|x86
		{C51571D9-D7F8-4B24-B6AB-EB867676AB3D}.AppStore|Any CPU.Build.0 = Release|x86
		{C51571D9-D7F8-4B24-B6AB-EB867676AB3D}.AppStore|Any CPU.Deploy.0 = Release|x86
		{C51571D9-D7F8-4B24-B6AB-EB867676AB3D}.AppStore|ARM.ActiveCfg = Release|ARM
		{C51571D9-D7F8-4B24-B6AB-EB867676AB3D}.AppStore|ARM.Build.0 = Release|ARM
		{C51571D9-D7F8-4B24-B6AB-EB867676AB3D}.AppStore|ARM.Deploy.0 = Release|ARM
		{C51571D9-D7F8-4B24-B6AB-EB867676AB3D}.AppStore|iPhone.ActiveCfg = Release|x86
		{C51571D9-D7F8-4B24-B6AB-EB867676AB3D}.AppStore|iPhone.Build.0 = Release|x86
		{C51571D9-D7F8-4B24-B6AB-EB867676AB3D}.AppStore|iPhone.Deploy.0 = Release|x86
		{C51571D9-D7F8-4B24-B6AB-EB867676AB3D}.AppStore|iPhoneSimulator.ActiveCfg = Release|x86
		{C51571D9-D7F8-4B24-B6AB-EB867676AB3D}.AppStore|iPhoneSimulator.Build.0 = Release|x86
		{C51571D9-D7F8-4B24-B6AB-EB867676AB3D}.AppStore|iPhoneSimulator.Deploy.0 = Release|x86
		{C51571D9-D7F8-4B24-B6AB-EB867676AB3D}.AppStore|x64.ActiveCfg = Release|x64
		{C51571D9-D7F8-4B24-B6AB-EB867676AB3D}.AppStore|x64.Build.0 = Release|x64
		{C51571D9-D7F8-4B24-B6AB-EB867676AB3D}.AppStore|x64.Deploy.0 = Release|x64
		{C51571D9-D7F8-4B24-B6AB-EB867676AB3D}.AppStore|x86.ActiveCfg = Release|x86
		{C51571D9-D7F8-4B24-B6AB-EB867676AB3D}.AppStore|x86.Build.0 = Release|x86
		{C51571D9-D7F8-4B24-B6AB-EB867676AB3D}.AppStore|x86.Deploy.0 = Release|x86
		{C51571D9-D7F8-4B24-B6AB-EB867676AB3D}.Debug|Any CPU.ActiveCfg = Debug|x86
		{C51571D9-D7F8-4B24-B6AB-EB867676AB3D}.Debug|ARM.ActiveCfg = Debug|ARM
		{C51571D9-D7F8-4B24-B6AB-EB867676AB3D}.Debug|ARM.Build.0 = Debug|ARM
		{C51571D9-D7F8-4B24-B6AB-EB867676AB3D}.Debug|ARM.Deploy.0 = Debug|ARM
		{C51571D9-D7F8-4B24-B6AB-EB867676AB3D}.Debug|iPhone.ActiveCfg = Debug|x86
		{C51571D9-D7F8-4B24-B6AB-EB867676AB3D}.Debug|iPhoneSimulator.ActiveCfg = Debug|x86
		{C51571D9-D7F8-4B24-B6AB-EB867676AB3D}.Debug|x64.ActiveCfg = Debug|x64
		{C51571D9-D7F8-4B24-B6AB-EB867676AB3D}.Debug|x64.Build.0 = Debug|x64
		{C51571D9-D7F8-4B24-B6AB-EB867676AB3D}.Debug|x64.Deploy.0 = Debug|x64
		{C51571D9-D7F8-4B24-B6AB-EB867676AB3D}.Debug|x86.ActiveCfg = Debug|x86
		{C51571D9-D7F8-4B24-B6AB-EB867676AB3D}.Debug|x86.Build.0 = Debug|x86
		{C51571D9-D7F8-4B24-B6AB-EB867676AB3D}.Debug|x86.Deploy.0 = Debug|x86
		{C51571D9-D7F8-4B24-B6AB-EB867676AB3D}.Release|Any CPU.ActiveCfg = Release|x86
		{C51571D9-D7F8-4B24-B6AB-EB867676AB3D}.Release|ARM.ActiveCfg = Release|ARM
		{C51571D9-D7F8-4B24-B6AB-EB867676AB3D}.Release|ARM.Build.0 = Release|ARM
		{C51571D9-D7F8-4B24-B6AB-EB867676AB3D}.Release|ARM.Deploy.0 = Release|ARM
		{C51571D9-D7F8-4B24-B6AB-EB867676AB3D}.Release|iPhone.ActiveCfg = Release|x86
		{C51571D9-D7F8-4B24-B6AB-EB867676AB3D}.Release|iPhoneSimulator.ActiveCfg = Release|x86
		{C51571D9-D7F8-4B24-B6AB-EB867676AB3D}.Release|x64.ActiveCfg = Release|x64
		{C51571D9-D7F8-4B24-B6AB-EB867676AB3D}.Release|x64.Build.0 = Release|x64
		{C51571D9-D7F8-4B24-B6AB-EB867676AB3D}.Release|x64.Deploy.0 = Release|x64
		{C51571D9-D7F8-4B24-B6AB-EB867676AB3D}.Release|x86.ActiveCfg = Release|x86
		{C51571D9-D7F8-4B24-B6AB-EB867676AB3D}.Release|x86.Build.0 = Release|x86
		{C51571D9-D7F8-4B24-B6AB-EB867676AB3D}.Release|x86.Deploy.0 = Release|x86
		{D9744905-67C3-4422-8036-5A15A72F4629}.Ad-Hoc|Any CPU.ActiveCfg = Release|Any CPU
		{D9744905-67C3-4422-8036-5A15A72F4629}.Ad-Hoc|Any CPU.Build.0 = Release|Any CPU
		{D9744905-67C3-4422-8036-5A15A72F4629}.Ad-Hoc|Any CPU.Deploy.0 = Release|Any CPU
		{D9744905-67C3-4422-8036-5A15A72F4629}.Ad-Hoc|ARM.ActiveCfg = Release|ARM
		{D9744905-67C3-4422-8036-5A15A72F4629}.Ad-Hoc|ARM.Build.0 = Release|ARM
		{D9744905-67C3-4422-8036-5A15A72F4629}.Ad-Hoc|ARM.Deploy.0 = Release|ARM
		{D9744905-67C3-4422-8036-5A15A72F4629}.Ad-Hoc|iPhone.ActiveCfg = Release|Any CPU
		{D9744905-67C3-4422-8036-5A15A72F4629}.Ad-Hoc|iPhone.Build.0 = Release|Any CPU
		{D9744905-67C3-4422-8036-5A15A72F4629}.Ad-Hoc|iPhone.Deploy.0 = Release|Any CPU
		{D9744905-67C3-4422-8036-5A15A72F4629}.Ad-Hoc|iPhoneSimulator.ActiveCfg = Release|Any CPU
		{D9744905-67C3-4422-8036-5A15A72F4629}.Ad-Hoc|iPhoneSimulator.Build.0 = Release|Any CPU
		{D9744905-67C3-4422-8036-5A15A72F4629}.Ad-Hoc|iPhoneSimulator.Deploy.0 = Release|Any CPU
		{D9744905-67C3-4422-8036-5A15A72F4629}.Ad-Hoc|x64.ActiveCfg = Release|Any CPU
		{D9744905-67C3-4422-8036-5A15A72F4629}.Ad-Hoc|x64.Build.0 = Release|Any CPU
		{D9744905-67C3-4422-8036-5A15A72F4629}.Ad-Hoc|x64.Deploy.0 = Release|Any CPU
		{D9744905-67C3-4422-8036-5A15A72F4629}.Ad-Hoc|x86.ActiveCfg = Release|x86
		{D9744905-67C3-4422-8036-5A15A72F4629}.Ad-Hoc|x86.Build.0 = Release|x86
		{D9744905-67C3-4422-8036-5A15A72F4629}.Ad-Hoc|x86.Deploy.0 = Release|x86
		{D9744905-67C3-4422-8036-5A15A72F4629}.AppStore|Any CPU.ActiveCfg = Release|Any CPU
		{D9744905-67C3-4422-8036-5A15A72F4629}.AppStore|Any CPU.Build.0 = Release|Any CPU
		{D9744905-67C3-4422-8036-5A15A72F4629}.AppStore|Any CPU.Deploy.0 = Release|Any CPU
		{D9744905-67C3-4422-8036-5A15A72F4629}.AppStore|ARM.ActiveCfg = Release|ARM
		{D9744905-67C3-4422-8036-5A15A72F4629}.AppStore|ARM.Build.0 = Release|ARM
		{D9744905-67C3-4422-8036-5A15A72F4629}.AppStore|ARM.Deploy.0 = Release|ARM
		{D9744905-67C3-4422-8036-5A15A72F4629}.AppStore|iPhone.ActiveCfg = Release|Any CPU
		{D9744905-67C3-4422-8036-5A15A72F4629}.AppStore|iPhone.Build.0 = Release|Any CPU
		{D9744905-67C3-4422-8036-5A15A72F4629}.AppStore|iPhone.Deploy.0 = Release|Any CPU
		{D9744905-67C3-4422-8036-5A15A72F4629}.AppStore|iPhoneSimulator.ActiveCfg = Release|Any CPU
		{D9744905-67C3-4422-8036-5A15A72F4629}.AppStore|iPhoneSimulator.Build.0 = Release|Any CPU
		{D9744905-67C3-4422-8036-5A15A72F4629}.AppStore|iPhoneSimulator.Deploy.0 = Release|Any CPU
		{D9744905-67C3-4422-8036-5A15A72F4629}.AppStore|x64.ActiveCfg = Release|Any CPU
		{D9744905-67C3-4422-8036-5A15A72F4629}.AppStore|x64.Build.0 = Release|Any CPU
		{D9744905-67C3-4422-8036-5A15A72F4629}.AppStore|x64.Deploy.0 = Release|Any CPU
		{D9744905-67C3-4422-8036-5A15A72F4629}.AppStore|x86.ActiveCfg = Release|x86
		{D9744905-67C3-4422-8036-5A15A72F4629}.AppStore|x86.Build.0 = Release|x86
		{D9744905-67C3-4422-8036-5A15A72F4629}.AppStore|x86.Deploy.0 = Release|x86
		{D9744905-67C3-4422-8036-5A15A72F4629}.Debug|Any CPU.ActiveCfg = Debug|Any CPU
		{D9744905-67C3-4422-8036-5A15A72F4629}.Debug|Any CPU.Build.0 = Debug|Any CPU
		{D9744905-67C3-4422-8036-5A15A72F4629}.Debug|Any CPU.Deploy.0 = Debug|Any CPU
		{D9744905-67C3-4422-8036-5A15A72F4629}.Debug|ARM.ActiveCfg = Debug|ARM
		{D9744905-67C3-4422-8036-5A15A72F4629}.Debug|ARM.Build.0 = Debug|ARM
		{D9744905-67C3-4422-8036-5A15A72F4629}.Debug|ARM.Deploy.0 = Debug|ARM
		{D9744905-67C3-4422-8036-5A15A72F4629}.Debug|iPhone.ActiveCfg = Debug|Any CPU
		{D9744905-67C3-4422-8036-5A15A72F4629}.Debug|iPhone.Build.0 = Debug|Any CPU
		{D9744905-67C3-4422-8036-5A15A72F4629}.Debug|iPhone.Deploy.0 = Debug|Any CPU
		{D9744905-67C3-4422-8036-5A15A72F4629}.Debug|iPhoneSimulator.ActiveCfg = Debug|Any CPU
		{D9744905-67C3-4422-8036-5A15A72F4629}.Debug|iPhoneSimulator.Build.0 = Debug|Any CPU
		{D9744905-67C3-4422-8036-5A15A72F4629}.Debug|iPhoneSimulator.Deploy.0 = Debug|Any CPU
		{D9744905-67C3-4422-8036-5A15A72F4629}.Debug|x64.ActiveCfg = Debug|Any CPU
		{D9744905-67C3-4422-8036-5A15A72F4629}.Debug|x64.Build.0 = Debug|Any CPU
		{D9744905-67C3-4422-8036-5A15A72F4629}.Debug|x64.Deploy.0 = Debug|Any CPU
		{D9744905-67C3-4422-8036-5A15A72F4629}.Debug|x86.ActiveCfg = Debug|x86
		{D9744905-67C3-4422-8036-5A15A72F4629}.Debug|x86.Build.0 = Debug|x86
		{D9744905-67C3-4422-8036-5A15A72F4629}.Debug|x86.Deploy.0 = Debug|x86
		{D9744905-67C3-4422-8036-5A15A72F4629}.Release|Any CPU.ActiveCfg = Release|Any CPU
		{D9744905-67C3-4422-8036-5A15A72F4629}.Release|Any CPU.Build.0 = Release|Any CPU
		{D9744905-67C3-4422-8036-5A15A72F4629}.Release|Any CPU.Deploy.0 = Release|Any CPU
		{D9744905-67C3-4422-8036-5A15A72F4629}.Release|ARM.ActiveCfg = Release|ARM
		{D9744905-67C3-4422-8036-5A15A72F4629}.Release|ARM.Build.0 = Release|ARM
		{D9744905-67C3-4422-8036-5A15A72F4629}.Release|ARM.Deploy.0 = Release|ARM
		{D9744905-67C3-4422-8036-5A15A72F4629}.Release|iPhone.ActiveCfg = Release|Any CPU
		{D9744905-67C3-4422-8036-5A15A72F4629}.Release|iPhone.Build.0 = Release|Any CPU
		{D9744905-67C3-4422-8036-5A15A72F4629}.Release|iPhone.Deploy.0 = Release|Any CPU
		{D9744905-67C3-4422-8036-5A15A72F4629}.Release|iPhoneSimulator.ActiveCfg = Release|Any CPU
		{D9744905-67C3-4422-8036-5A15A72F4629}.Release|iPhoneSimulator.Build.0 = Release|Any CPU
		{D9744905-67C3-4422-8036-5A15A72F4629}.Release|iPhoneSimulator.Deploy.0 = Release|Any CPU
		{D9744905-67C3-4422-8036-5A15A72F4629}.Release|x64.ActiveCfg = Release|Any CPU
		{D9744905-67C3-4422-8036-5A15A72F4629}.Release|x64.Build.0 = Release|Any CPU
		{D9744905-67C3-4422-8036-5A15A72F4629}.Release|x64.Deploy.0 = Release|Any CPU
		{D9744905-67C3-4422-8036-5A15A72F4629}.Release|x86.ActiveCfg = Release|x86
		{D9744905-67C3-4422-8036-5A15A72F4629}.Release|x86.Build.0 = Release|x86
		{D9744905-67C3-4422-8036-5A15A72F4629}.Release|x86.Deploy.0 = Release|x86
	EndGlobalSection
	GlobalSection(SolutionProperties) = preSolution
		HideSolutionNode = FALSE
	EndGlobalSection
EndGlobal
