
Microsoft Visual Studio Solution File, Format Version 12.00
# Visual Studio 14
VisualStudioVersion = 14.0.25420.1
MinimumVisualStudioVersion = 10.0.40219.1
Project("{FAE04EC0-301F-11D3-BF4B-00C04F79EFBC}") = "BitcoinWallet", "BitcoinWallet\BitcoinWallet\BitcoinWallet.csproj", "{C2261B12-DF1D-4DA8-BD64-96C5731A9201}"
EndProject
Project("{FAE04EC0-301F-11D3-BF4B-00C04F79EFBC}") = "BitcoinWallet.Droid", "BitcoinWallet\BitcoinWallet.Droid\BitcoinWallet.Droid.csproj", "{14BA1A8A-5FAD-49E7-B3E7-56AEA126E04D}"
EndProject
Project("{FAE04EC0-301F-11D3-BF4B-00C04F79EFBC}") = "BitcoinWallet.iOS", "BitcoinWallet\BitcoinWallet.iOS\BitcoinWallet.iOS.csproj", "{D6B888DC-B9D7-4155-8358-28E3928847D8}"
EndProject
Project("{FAE04EC0-301F-11D3-BF4B-00C04F79EFBC}") = "BitcoinWallet.UWP", "BitcoinWallet\BitcoinWallet.UWP\BitcoinWallet.UWP.csproj", "{EA98207B-DDC0-446A-A7EA-276E58A94CA5}"
EndProject
Project("{FAE04EC0-301F-11D3-BF4B-00C04F79EFBC}") = "BitcoinWallet.WinPhone", "BitcoinWallet\BitcoinWallet.WinPhone\BitcoinWallet.WinPhone.csproj", "{9FDB5EB0-26CA-4DF8-95DF-99A8939761FA}"
EndProject
Project("{FAE04EC0-301F-11D3-BF4B-00C04F79EFBC}") = "Tests", "Test\Tests.csproj", "{67F9D3A8-F71E-4428-913F-C37AE82CDB24}"
EndProject
Project("{FAE04EC0-301F-11D3-BF4B-00C04F79EFBC}") = "Bitcoin.APIClient", "Bitcoin\Bitcoin.APIClient\Bitcoin.APIClient.csproj", "{B73D5003-D37E-4932-ABED-F0FC844BE2B2}"
EndProject
Project("{FAE04EC0-301F-11D3-BF4B-00C04F79EFBC}") = "Bitcoin.DBase", "Bitcoin\Bitcoin.DBase\Bitcoin.DBase.csproj", "{DBCF2329-27C6-496B-B060-4E3B68445B0C}"
EndProject
Project("{FAE04EC0-301F-11D3-BF4B-00C04F79EFBC}") = "Expanded.VEngine", "Expanded\Expanded.VEngine\Expanded.VEngine.csproj", "{5E414CA8-E9B8-4643-A0E2-CF5C1AA72C2B}"
EndProject
Project("{FAE04EC0-301F-11D3-BF4B-00C04F79EFBC}") = "Expanded.Localization", "Expanded\Expanded.Localization\Expanded.Localization.csproj", "{7EC5E8D5-FC7E-4FCE-B830-8F3FFDAA7FC2}"
EndProject
Project("{FAE04EC0-301F-11D3-BF4B-00C04F79EFBC}") = "Expanded.Skins", "Expanded\Expanded.Skins\Expanded.Skins.csproj", "{D47C71EE-C66C-4815-82B9-F39546CB88D5}"
EndProject
Project("{FAE04EC0-301F-11D3-BF4B-00C04F79EFBC}") = "Expanded.Common", "Expanded\Expanded.Common\Expanded.Common.csproj", "{B8094309-3C83-46A1-9A6C-A084856E177F}"
EndProject
Project("{FAE04EC0-301F-11D3-BF4B-00C04F79EFBC}") = "XLabs.Cryptography", "XLabs\XLabs.Cryptography\XLabs.Cryptography.csproj", "{BE2C2399-A4B7-4E9A-AD93-9B78B167895A}"
EndProject
Project("{FAE04EC0-301F-11D3-BF4B-00C04F79EFBC}") = "XLabs.Caching", "XLabs\XLabs.Caching\XLabs.Caching.csproj", "{DA63BB22-3A83-4BDD-AC19-00904877F4FA}"
EndProject
Global
	GlobalSection(SolutionConfigurationPlatforms) = preSolution
		Ad-Hoc|Any CPU = Ad-Hoc|Any CPU
		Ad-Hoc|ARM = Ad-Hoc|ARM
		Ad-Hoc|iPhone = Ad-Hoc|iPhone
		Ad-Hoc|iPhoneSimulator = Ad-Hoc|iPhoneSimulator
		Ad-Hoc|x64 = Ad-Hoc|x64
		Ad-Hoc|x86 = Ad-Hoc|x86
		AppStore|Any CPU = AppStore|Any CPU
		AppStore|ARM = AppStore|ARM
		AppStore|iPhone = AppStore|iPhone
		AppStore|iPhoneSimulator = AppStore|iPhoneSimulator
		AppStore|x64 = AppStore|x64
		AppStore|x86 = AppStore|x86
		Debug|Any CPU = Debug|Any CPU
		Debug|ARM = Debug|ARM
		Debug|iPhone = Debug|iPhone
		Debug|iPhoneSimulator = Debug|iPhoneSimulator
		Debug|x64 = Debug|x64
		Debug|x86 = Debug|x86
		Release|Any CPU = Release|Any CPU
		Release|ARM = Release|ARM
		Release|iPhone = Release|iPhone
		Release|iPhoneSimulator = Release|iPhoneSimulator
		Release|x64 = Release|x64
		Release|x86 = Release|x86
	EndGlobalSection
	GlobalSection(ProjectConfigurationPlatforms) = postSolution
		{C2261B12-DF1D-4DA8-BD64-96C5731A9201}.Ad-Hoc|Any CPU.ActiveCfg = Release|Any CPU
		{C2261B12-DF1D-4DA8-BD64-96C5731A9201}.Ad-Hoc|Any CPU.Build.0 = Release|Any CPU
		{C2261B12-DF1D-4DA8-BD64-96C5731A9201}.Ad-Hoc|ARM.ActiveCfg = Release|Any CPU
		{C2261B12-DF1D-4DA8-BD64-96C5731A9201}.Ad-Hoc|ARM.Build.0 = Release|Any CPU
		{C2261B12-DF1D-4DA8-BD64-96C5731A9201}.Ad-Hoc|iPhone.ActiveCfg = Release|Any CPU
		{C2261B12-DF1D-4DA8-BD64-96C5731A9201}.Ad-Hoc|iPhone.Build.0 = Release|Any CPU
		{C2261B12-DF1D-4DA8-BD64-96C5731A9201}.Ad-Hoc|iPhoneSimulator.ActiveCfg = Release|Any CPU
		{C2261B12-DF1D-4DA8-BD64-96C5731A9201}.Ad-Hoc|iPhoneSimulator.Build.0 = Release|Any CPU
		{C2261B12-DF1D-4DA8-BD64-96C5731A9201}.Ad-Hoc|x64.ActiveCfg = Release|Any CPU
		{C2261B12-DF1D-4DA8-BD64-96C5731A9201}.Ad-Hoc|x64.Build.0 = Release|Any CPU
		{C2261B12-DF1D-4DA8-BD64-96C5731A9201}.Ad-Hoc|x86.ActiveCfg = Release|Any CPU
		{C2261B12-DF1D-4DA8-BD64-96C5731A9201}.Ad-Hoc|x86.Build.0 = Release|Any CPU
		{C2261B12-DF1D-4DA8-BD64-96C5731A9201}.AppStore|Any CPU.ActiveCfg = Release|Any CPU
		{C2261B12-DF1D-4DA8-BD64-96C5731A9201}.AppStore|Any CPU.Build.0 = Release|Any CPU
		{C2261B12-DF1D-4DA8-BD64-96C5731A9201}.AppStore|ARM.ActiveCfg = Release|Any CPU
		{C2261B12-DF1D-4DA8-BD64-96C5731A9201}.AppStore|ARM.Build.0 = Release|Any CPU
		{C2261B12-DF1D-4DA8-BD64-96C5731A9201}.AppStore|iPhone.ActiveCfg = Release|Any CPU
		{C2261B12-DF1D-4DA8-BD64-96C5731A9201}.AppStore|iPhone.Build.0 = Release|Any CPU
		{C2261B12-DF1D-4DA8-BD64-96C5731A9201}.AppStore|iPhoneSimulator.ActiveCfg = Release|Any CPU
		{C2261B12-DF1D-4DA8-BD64-96C5731A9201}.AppStore|iPhoneSimulator.Build.0 = Release|Any CPU
		{C2261B12-DF1D-4DA8-BD64-96C5731A9201}.AppStore|x64.ActiveCfg = Release|Any CPU
		{C2261B12-DF1D-4DA8-BD64-96C5731A9201}.AppStore|x64.Build.0 = Release|Any CPU
		{C2261B12-DF1D-4DA8-BD64-96C5731A9201}.AppStore|x86.ActiveCfg = Release|Any CPU
		{C2261B12-DF1D-4DA8-BD64-96C5731A9201}.AppStore|x86.Build.0 = Release|Any CPU
		{C2261B12-DF1D-4DA8-BD64-96C5731A9201}.Debug|Any CPU.ActiveCfg = Debug|Any CPU
		{C2261B12-DF1D-4DA8-BD64-96C5731A9201}.Debug|Any CPU.Build.0 = Debug|Any CPU
		{C2261B12-DF1D-4DA8-BD64-96C5731A9201}.Debug|ARM.ActiveCfg = Debug|Any CPU
		{C2261B12-DF1D-4DA8-BD64-96C5731A9201}.Debug|ARM.Build.0 = Debug|Any CPU
		{C2261B12-DF1D-4DA8-BD64-96C5731A9201}.Debug|iPhone.ActiveCfg = Debug|Any CPU
		{C2261B12-DF1D-4DA8-BD64-96C5731A9201}.Debug|iPhone.Build.0 = Debug|Any CPU
		{C2261B12-DF1D-4DA8-BD64-96C5731A9201}.Debug|iPhoneSimulator.ActiveCfg = Debug|Any CPU
		{C2261B12-DF1D-4DA8-BD64-96C5731A9201}.Debug|iPhoneSimulator.Build.0 = Debug|Any CPU
		{C2261B12-DF1D-4DA8-BD64-96C5731A9201}.Debug|x64.ActiveCfg = Debug|Any CPU
		{C2261B12-DF1D-4DA8-BD64-96C5731A9201}.Debug|x64.Build.0 = Debug|Any CPU
		{C2261B12-DF1D-4DA8-BD64-96C5731A9201}.Debug|x86.ActiveCfg = Debug|Any CPU
		{C2261B12-DF1D-4DA8-BD64-96C5731A9201}.Debug|x86.Build.0 = Debug|Any CPU
		{C2261B12-DF1D-4DA8-BD64-96C5731A9201}.Release|Any CPU.ActiveCfg = Release|Any CPU
		{C2261B12-DF1D-4DA8-BD64-96C5731A9201}.Release|Any CPU.Build.0 = Release|Any CPU
		{C2261B12-DF1D-4DA8-BD64-96C5731A9201}.Release|ARM.ActiveCfg = Release|Any CPU
		{C2261B12-DF1D-4DA8-BD64-96C5731A9201}.Release|ARM.Build.0 = Release|Any CPU
		{C2261B12-DF1D-4DA8-BD64-96C5731A9201}.Release|iPhone.ActiveCfg = Release|Any CPU
		{C2261B12-DF1D-4DA8-BD64-96C5731A9201}.Release|iPhone.Build.0 = Release|Any CPU
		{C2261B12-DF1D-4DA8-BD64-96C5731A9201}.Release|iPhoneSimulator.ActiveCfg = Release|Any CPU
		{C2261B12-DF1D-4DA8-BD64-96C5731A9201}.Release|iPhoneSimulator.Build.0 = Release|Any CPU
		{C2261B12-DF1D-4DA8-BD64-96C5731A9201}.Release|x64.ActiveCfg = Release|Any CPU
		{C2261B12-DF1D-4DA8-BD64-96C5731A9201}.Release|x64.Build.0 = Release|Any CPU
		{C2261B12-DF1D-4DA8-BD64-96C5731A9201}.Release|x86.ActiveCfg = Release|Any CPU
		{C2261B12-DF1D-4DA8-BD64-96C5731A9201}.Release|x86.Build.0 = Release|Any CPU
		{14BA1A8A-5FAD-49E7-B3E7-56AEA126E04D}.Ad-Hoc|Any CPU.ActiveCfg = Release|Any CPU
		{14BA1A8A-5FAD-49E7-B3E7-56AEA126E04D}.Ad-Hoc|Any CPU.Build.0 = Release|Any CPU
		{14BA1A8A-5FAD-49E7-B3E7-56AEA126E04D}.Ad-Hoc|Any CPU.Deploy.0 = Release|Any CPU
		{14BA1A8A-5FAD-49E7-B3E7-56AEA126E04D}.Ad-Hoc|ARM.ActiveCfg = Release|Any CPU
		{14BA1A8A-5FAD-49E7-B3E7-56AEA126E04D}.Ad-Hoc|ARM.Build.0 = Release|Any CPU
		{14BA1A8A-5FAD-49E7-B3E7-56AEA126E04D}.Ad-Hoc|ARM.Deploy.0 = Release|Any CPU
		{14BA1A8A-5FAD-49E7-B3E7-56AEA126E04D}.Ad-Hoc|iPhone.ActiveCfg = Release|Any CPU
		{14BA1A8A-5FAD-49E7-B3E7-56AEA126E04D}.Ad-Hoc|iPhone.Build.0 = Release|Any CPU
		{14BA1A8A-5FAD-49E7-B3E7-56AEA126E04D}.Ad-Hoc|iPhone.Deploy.0 = Release|Any CPU
		{14BA1A8A-5FAD-49E7-B3E7-56AEA126E04D}.Ad-Hoc|iPhoneSimulator.ActiveCfg = Release|Any CPU
		{14BA1A8A-5FAD-49E7-B3E7-56AEA126E04D}.Ad-Hoc|iPhoneSimulator.Build.0 = Release|Any CPU
		{14BA1A8A-5FAD-49E7-B3E7-56AEA126E04D}.Ad-Hoc|iPhoneSimulator.Deploy.0 = Release|Any CPU
		{14BA1A8A-5FAD-49E7-B3E7-56AEA126E04D}.Ad-Hoc|x64.ActiveCfg = Release|Any CPU
		{14BA1A8A-5FAD-49E7-B3E7-56AEA126E04D}.Ad-Hoc|x64.Build.0 = Release|Any CPU
		{14BA1A8A-5FAD-49E7-B3E7-56AEA126E04D}.Ad-Hoc|x64.Deploy.0 = Release|Any CPU
		{14BA1A8A-5FAD-49E7-B3E7-56AEA126E04D}.Ad-Hoc|x86.ActiveCfg = Release|Any CPU
		{14BA1A8A-5FAD-49E7-B3E7-56AEA126E04D}.Ad-Hoc|x86.Build.0 = Release|Any CPU
		{14BA1A8A-5FAD-49E7-B3E7-56AEA126E04D}.Ad-Hoc|x86.Deploy.0 = Release|Any CPU
		{14BA1A8A-5FAD-49E7-B3E7-56AEA126E04D}.AppStore|Any CPU.ActiveCfg = Release|Any CPU
		{14BA1A8A-5FAD-49E7-B3E7-56AEA126E04D}.AppStore|Any CPU.Build.0 = Release|Any CPU
		{14BA1A8A-5FAD-49E7-B3E7-56AEA126E04D}.AppStore|Any CPU.Deploy.0 = Release|Any CPU
		{14BA1A8A-5FAD-49E7-B3E7-56AEA126E04D}.AppStore|ARM.ActiveCfg = Release|Any CPU
		{14BA1A8A-5FAD-49E7-B3E7-56AEA126E04D}.AppStore|ARM.Build.0 = Release|Any CPU
		{14BA1A8A-5FAD-49E7-B3E7-56AEA126E04D}.AppStore|ARM.Deploy.0 = Release|Any CPU
		{14BA1A8A-5FAD-49E7-B3E7-56AEA126E04D}.AppStore|iPhone.ActiveCfg = Release|Any CPU
		{14BA1A8A-5FAD-49E7-B3E7-56AEA126E04D}.AppStore|iPhone.Build.0 = Release|Any CPU
		{14BA1A8A-5FAD-49E7-B3E7-56AEA126E04D}.AppStore|iPhone.Deploy.0 = Release|Any CPU
		{14BA1A8A-5FAD-49E7-B3E7-56AEA126E04D}.AppStore|iPhoneSimulator.ActiveCfg = Release|Any CPU
		{14BA1A8A-5FAD-49E7-B3E7-56AEA126E04D}.AppStore|iPhoneSimulator.Build.0 = Release|Any CPU
		{14BA1A8A-5FAD-49E7-B3E7-56AEA126E04D}.AppStore|iPhoneSimulator.Deploy.0 = Release|Any CPU
		{14BA1A8A-5FAD-49E7-B3E7-56AEA126E04D}.AppStore|x64.ActiveCfg = Release|Any CPU
		{14BA1A8A-5FAD-49E7-B3E7-56AEA126E04D}.AppStore|x64.Build.0 = Release|Any CPU
		{14BA1A8A-5FAD-49E7-B3E7-56AEA126E04D}.AppStore|x64.Deploy.0 = Release|Any CPU
		{14BA1A8A-5FAD-49E7-B3E7-56AEA126E04D}.AppStore|x86.ActiveCfg = Release|Any CPU
		{14BA1A8A-5FAD-49E7-B3E7-56AEA126E04D}.AppStore|x86.Build.0 = Release|Any CPU
		{14BA1A8A-5FAD-49E7-B3E7-56AEA126E04D}.AppStore|x86.Deploy.0 = Release|Any CPU
		{14BA1A8A-5FAD-49E7-B3E7-56AEA126E04D}.Debug|Any CPU.ActiveCfg = Debug|Any CPU
		{14BA1A8A-5FAD-49E7-B3E7-56AEA126E04D}.Debug|Any CPU.Build.0 = Debug|Any CPU
		{14BA1A8A-5FAD-49E7-B3E7-56AEA126E04D}.Debug|Any CPU.Deploy.0 = Debug|Any CPU
		{14BA1A8A-5FAD-49E7-B3E7-56AEA126E04D}.Debug|ARM.ActiveCfg = Debug|Any CPU
		{14BA1A8A-5FAD-49E7-B3E7-56AEA126E04D}.Debug|ARM.Build.0 = Debug|Any CPU
		{14BA1A8A-5FAD-49E7-B3E7-56AEA126E04D}.Debug|ARM.Deploy.0 = Debug|Any CPU
		{14BA1A8A-5FAD-49E7-B3E7-56AEA126E04D}.Debug|iPhone.ActiveCfg = Debug|Any CPU
		{14BA1A8A-5FAD-49E7-B3E7-56AEA126E04D}.Debug|iPhone.Build.0 = Debug|Any CPU
		{14BA1A8A-5FAD-49E7-B3E7-56AEA126E04D}.Debug|iPhone.Deploy.0 = Debug|Any CPU
		{14BA1A8A-5FAD-49E7-B3E7-56AEA126E04D}.Debug|iPhoneSimulator.ActiveCfg = Debug|Any CPU
		{14BA1A8A-5FAD-49E7-B3E7-56AEA126E04D}.Debug|iPhoneSimulator.Build.0 = Debug|Any CPU
		{14BA1A8A-5FAD-49E7-B3E7-56AEA126E04D}.Debug|iPhoneSimulator.Deploy.0 = Debug|Any CPU
		{14BA1A8A-5FAD-49E7-B3E7-56AEA126E04D}.Debug|x64.ActiveCfg = Debug|Any CPU
		{14BA1A8A-5FAD-49E7-B3E7-56AEA126E04D}.Debug|x64.Build.0 = Debug|Any CPU
		{14BA1A8A-5FAD-49E7-B3E7-56AEA126E04D}.Debug|x64.Deploy.0 = Debug|Any CPU
		{14BA1A8A-5FAD-49E7-B3E7-56AEA126E04D}.Debug|x86.ActiveCfg = Debug|Any CPU
		{14BA1A8A-5FAD-49E7-B3E7-56AEA126E04D}.Debug|x86.Build.0 = Debug|Any CPU
		{14BA1A8A-5FAD-49E7-B3E7-56AEA126E04D}.Debug|x86.Deploy.0 = Debug|Any CPU
		{14BA1A8A-5FAD-49E7-B3E7-56AEA126E04D}.Release|Any CPU.ActiveCfg = Release|Any CPU
		{14BA1A8A-5FAD-49E7-B3E7-56AEA126E04D}.Release|Any CPU.Build.0 = Release|Any CPU
		{14BA1A8A-5FAD-49E7-B3E7-56AEA126E04D}.Release|Any CPU.Deploy.0 = Release|Any CPU
		{14BA1A8A-5FAD-49E7-B3E7-56AEA126E04D}.Release|ARM.ActiveCfg = Release|Any CPU
		{14BA1A8A-5FAD-49E7-B3E7-56AEA126E04D}.Release|ARM.Build.0 = Release|Any CPU
		{14BA1A8A-5FAD-49E7-B3E7-56AEA126E04D}.Release|ARM.Deploy.0 = Release|Any CPU
		{14BA1A8A-5FAD-49E7-B3E7-56AEA126E04D}.Release|iPhone.ActiveCfg = Release|Any CPU
		{14BA1A8A-5FAD-49E7-B3E7-56AEA126E04D}.Release|iPhone.Build.0 = Release|Any CPU
		{14BA1A8A-5FAD-49E7-B3E7-56AEA126E04D}.Release|iPhone.Deploy.0 = Release|Any CPU
		{14BA1A8A-5FAD-49E7-B3E7-56AEA126E04D}.Release|iPhoneSimulator.ActiveCfg = Release|Any CPU
		{14BA1A8A-5FAD-49E7-B3E7-56AEA126E04D}.Release|iPhoneSimulator.Build.0 = Release|Any CPU
		{14BA1A8A-5FAD-49E7-B3E7-56AEA126E04D}.Release|iPhoneSimulator.Deploy.0 = Release|Any CPU
		{14BA1A8A-5FAD-49E7-B3E7-56AEA126E04D}.Release|x64.ActiveCfg = Release|Any CPU
		{14BA1A8A-5FAD-49E7-B3E7-56AEA126E04D}.Release|x64.Build.0 = Release|Any CPU
		{14BA1A8A-5FAD-49E7-B3E7-56AEA126E04D}.Release|x64.Deploy.0 = Release|Any CPU
		{14BA1A8A-5FAD-49E7-B3E7-56AEA126E04D}.Release|x86.ActiveCfg = Release|Any CPU
		{14BA1A8A-5FAD-49E7-B3E7-56AEA126E04D}.Release|x86.Build.0 = Release|Any CPU
		{14BA1A8A-5FAD-49E7-B3E7-56AEA126E04D}.Release|x86.Deploy.0 = Release|Any CPU
		{D6B888DC-B9D7-4155-8358-28E3928847D8}.Ad-Hoc|Any CPU.ActiveCfg = Ad-Hoc|iPhone
		{D6B888DC-B9D7-4155-8358-28E3928847D8}.Ad-Hoc|ARM.ActiveCfg = Ad-Hoc|iPhone
		{D6B888DC-B9D7-4155-8358-28E3928847D8}.Ad-Hoc|iPhone.ActiveCfg = Ad-Hoc|iPhone
		{D6B888DC-B9D7-4155-8358-28E3928847D8}.Ad-Hoc|iPhone.Build.0 = Ad-Hoc|iPhone
		{D6B888DC-B9D7-4155-8358-28E3928847D8}.Ad-Hoc|iPhoneSimulator.ActiveCfg = Ad-Hoc|iPhoneSimulator
		{D6B888DC-B9D7-4155-8358-28E3928847D8}.Ad-Hoc|iPhoneSimulator.Build.0 = Ad-Hoc|iPhoneSimulator
		{D6B888DC-B9D7-4155-8358-28E3928847D8}.Ad-Hoc|x64.ActiveCfg = Ad-Hoc|iPhone
		{D6B888DC-B9D7-4155-8358-28E3928847D8}.Ad-Hoc|x86.ActiveCfg = Ad-Hoc|iPhone
		{D6B888DC-B9D7-4155-8358-28E3928847D8}.AppStore|Any CPU.ActiveCfg = AppStore|iPhone
		{D6B888DC-B9D7-4155-8358-28E3928847D8}.AppStore|ARM.ActiveCfg = AppStore|iPhone
		{D6B888DC-B9D7-4155-8358-28E3928847D8}.AppStore|iPhone.ActiveCfg = AppStore|iPhone
		{D6B888DC-B9D7-4155-8358-28E3928847D8}.AppStore|iPhone.Build.0 = AppStore|iPhone
		{D6B888DC-B9D7-4155-8358-28E3928847D8}.AppStore|iPhoneSimulator.ActiveCfg = AppStore|iPhoneSimulator
		{D6B888DC-B9D7-4155-8358-28E3928847D8}.AppStore|iPhoneSimulator.Build.0 = AppStore|iPhoneSimulator
		{D6B888DC-B9D7-4155-8358-28E3928847D8}.AppStore|x64.ActiveCfg = AppStore|iPhone
		{D6B888DC-B9D7-4155-8358-28E3928847D8}.AppStore|x86.ActiveCfg = AppStore|iPhone
		{D6B888DC-B9D7-4155-8358-28E3928847D8}.Debug|Any CPU.ActiveCfg = Debug|iPhone
		{D6B888DC-B9D7-4155-8358-28E3928847D8}.Debug|ARM.ActiveCfg = Debug|iPhone
		{D6B888DC-B9D7-4155-8358-28E3928847D8}.Debug|iPhone.ActiveCfg = Debug|iPhone
		{D6B888DC-B9D7-4155-8358-28E3928847D8}.Debug|iPhone.Build.0 = Debug|iPhone
		{D6B888DC-B9D7-4155-8358-28E3928847D8}.Debug|iPhoneSimulator.ActiveCfg = Debug|iPhoneSimulator
		{D6B888DC-B9D7-4155-8358-28E3928847D8}.Debug|iPhoneSimulator.Build.0 = Debug|iPhoneSimulator
		{D6B888DC-B9D7-4155-8358-28E3928847D8}.Debug|x64.ActiveCfg = Debug|iPhone
		{D6B888DC-B9D7-4155-8358-28E3928847D8}.Debug|x86.ActiveCfg = Debug|iPhone
		{D6B888DC-B9D7-4155-8358-28E3928847D8}.Release|Any CPU.ActiveCfg = Release|iPhone
		{D6B888DC-B9D7-4155-8358-28E3928847D8}.Release|ARM.ActiveCfg = Release|iPhone
		{D6B888DC-B9D7-4155-8358-28E3928847D8}.Release|iPhone.ActiveCfg = Release|iPhone
		{D6B888DC-B9D7-4155-8358-28E3928847D8}.Release|iPhone.Build.0 = Release|iPhone
		{D6B888DC-B9D7-4155-8358-28E3928847D8}.Release|iPhoneSimulator.ActiveCfg = Release|iPhoneSimulator
		{D6B888DC-B9D7-4155-8358-28E3928847D8}.Release|iPhoneSimulator.Build.0 = Release|iPhoneSimulator
		{D6B888DC-B9D7-4155-8358-28E3928847D8}.Release|x64.ActiveCfg = Release|iPhone
		{D6B888DC-B9D7-4155-8358-28E3928847D8}.Release|x86.ActiveCfg = Release|iPhone
		{EA98207B-DDC0-446A-A7EA-276E58A94CA5}.Ad-Hoc|Any CPU.ActiveCfg = Release|x86
		{EA98207B-DDC0-446A-A7EA-276E58A94CA5}.Ad-Hoc|Any CPU.Build.0 = Release|x86
		{EA98207B-DDC0-446A-A7EA-276E58A94CA5}.Ad-Hoc|Any CPU.Deploy.0 = Release|x86
		{EA98207B-DDC0-446A-A7EA-276E58A94CA5}.Ad-Hoc|ARM.ActiveCfg = Release|ARM
		{EA98207B-DDC0-446A-A7EA-276E58A94CA5}.Ad-Hoc|ARM.Build.0 = Release|ARM
		{EA98207B-DDC0-446A-A7EA-276E58A94CA5}.Ad-Hoc|ARM.Deploy.0 = Release|ARM
		{EA98207B-DDC0-446A-A7EA-276E58A94CA5}.Ad-Hoc|iPhone.ActiveCfg = Release|x86
		{EA98207B-DDC0-446A-A7EA-276E58A94CA5}.Ad-Hoc|iPhone.Build.0 = Release|x86
		{EA98207B-DDC0-446A-A7EA-276E58A94CA5}.Ad-Hoc|iPhone.Deploy.0 = Release|x86
		{EA98207B-DDC0-446A-A7EA-276E58A94CA5}.Ad-Hoc|iPhoneSimulator.ActiveCfg = Release|x86
		{EA98207B-DDC0-446A-A7EA-276E58A94CA5}.Ad-Hoc|iPhoneSimulator.Build.0 = Release|x86
		{EA98207B-DDC0-446A-A7EA-276E58A94CA5}.Ad-Hoc|iPhoneSimulator.Deploy.0 = Release|x86
		{EA98207B-DDC0-446A-A7EA-276E58A94CA5}.Ad-Hoc|x64.ActiveCfg = Release|x64
		{EA98207B-DDC0-446A-A7EA-276E58A94CA5}.Ad-Hoc|x64.Build.0 = Release|x64
		{EA98207B-DDC0-446A-A7EA-276E58A94CA5}.Ad-Hoc|x64.Deploy.0 = Release|x64
		{EA98207B-DDC0-446A-A7EA-276E58A94CA5}.Ad-Hoc|x86.ActiveCfg = Release|x86
		{EA98207B-DDC0-446A-A7EA-276E58A94CA5}.Ad-Hoc|x86.Build.0 = Release|x86
		{EA98207B-DDC0-446A-A7EA-276E58A94CA5}.Ad-Hoc|x86.Deploy.0 = Release|x86
		{EA98207B-DDC0-446A-A7EA-276E58A94CA5}.AppStore|Any CPU.ActiveCfg = Release|x86
		{EA98207B-DDC0-446A-A7EA-276E58A94CA5}.AppStore|Any CPU.Build.0 = Release|x86
		{EA98207B-DDC0-446A-A7EA-276E58A94CA5}.AppStore|Any CPU.Deploy.0 = Release|x86
		{EA98207B-DDC0-446A-A7EA-276E58A94CA5}.AppStore|ARM.ActiveCfg = Release|ARM
		{EA98207B-DDC0-446A-A7EA-276E58A94CA5}.AppStore|ARM.Build.0 = Release|ARM
		{EA98207B-DDC0-446A-A7EA-276E58A94CA5}.AppStore|ARM.Deploy.0 = Release|ARM
		{EA98207B-DDC0-446A-A7EA-276E58A94CA5}.AppStore|iPhone.ActiveCfg = Release|x86
		{EA98207B-DDC0-446A-A7EA-276E58A94CA5}.AppStore|iPhone.Build.0 = Release|x86
		{EA98207B-DDC0-446A-A7EA-276E58A94CA5}.AppStore|iPhone.Deploy.0 = Release|x86
		{EA98207B-DDC0-446A-A7EA-276E58A94CA5}.AppStore|iPhoneSimulator.ActiveCfg = Release|x86
		{EA98207B-DDC0-446A-A7EA-276E58A94CA5}.AppStore|iPhoneSimulator.Build.0 = Release|x86
		{EA98207B-DDC0-446A-A7EA-276E58A94CA5}.AppStore|iPhoneSimulator.Deploy.0 = Release|x86
		{EA98207B-DDC0-446A-A7EA-276E58A94CA5}.AppStore|x64.ActiveCfg = Release|x64
		{EA98207B-DDC0-446A-A7EA-276E58A94CA5}.AppStore|x64.Build.0 = Release|x64
		{EA98207B-DDC0-446A-A7EA-276E58A94CA5}.AppStore|x64.Deploy.0 = Release|x64
		{EA98207B-DDC0-446A-A7EA-276E58A94CA5}.AppStore|x86.ActiveCfg = Release|x86
		{EA98207B-DDC0-446A-A7EA-276E58A94CA5}.AppStore|x86.Build.0 = Release|x86
		{EA98207B-DDC0-446A-A7EA-276E58A94CA5}.AppStore|x86.Deploy.0 = Release|x86
		{EA98207B-DDC0-446A-A7EA-276E58A94CA5}.Debug|Any CPU.ActiveCfg = Debug|x86
		{EA98207B-DDC0-446A-A7EA-276E58A94CA5}.Debug|Any CPU.Build.0 = Debug|x86
		{EA98207B-DDC0-446A-A7EA-276E58A94CA5}.Debug|Any CPU.Deploy.0 = Debug|x86
		{EA98207B-DDC0-446A-A7EA-276E58A94CA5}.Debug|ARM.ActiveCfg = Debug|ARM
		{EA98207B-DDC0-446A-A7EA-276E58A94CA5}.Debug|ARM.Build.0 = Debug|ARM
		{EA98207B-DDC0-446A-A7EA-276E58A94CA5}.Debug|ARM.Deploy.0 = Debug|ARM
		{EA98207B-DDC0-446A-A7EA-276E58A94CA5}.Debug|iPhone.ActiveCfg = Debug|x86
		{EA98207B-DDC0-446A-A7EA-276E58A94CA5}.Debug|iPhoneSimulator.ActiveCfg = Debug|x86
		{EA98207B-DDC0-446A-A7EA-276E58A94CA5}.Debug|x64.ActiveCfg = Debug|x64
		{EA98207B-DDC0-446A-A7EA-276E58A94CA5}.Debug|x64.Build.0 = Debug|x64
		{EA98207B-DDC0-446A-A7EA-276E58A94CA5}.Debug|x64.Deploy.0 = Debug|x64
		{EA98207B-DDC0-446A-A7EA-276E58A94CA5}.Debug|x86.ActiveCfg = Debug|x86
		{EA98207B-DDC0-446A-A7EA-276E58A94CA5}.Debug|x86.Build.0 = Debug|x86
		{EA98207B-DDC0-446A-A7EA-276E58A94CA5}.Debug|x86.Deploy.0 = Debug|x86
		{EA98207B-DDC0-446A-A7EA-276E58A94CA5}.Release|Any CPU.ActiveCfg = Release|x86
		{EA98207B-DDC0-446A-A7EA-276E58A94CA5}.Release|ARM.ActiveCfg = Release|ARM
		{EA98207B-DDC0-446A-A7EA-276E58A94CA5}.Release|ARM.Build.0 = Release|ARM
		{EA98207B-DDC0-446A-A7EA-276E58A94CA5}.Release|ARM.Deploy.0 = Release|ARM
		{EA98207B-DDC0-446A-A7EA-276E58A94CA5}.Release|iPhone.ActiveCfg = Release|x86
		{EA98207B-DDC0-446A-A7EA-276E58A94CA5}.Release|iPhoneSimulator.ActiveCfg = Release|x86
		{EA98207B-DDC0-446A-A7EA-276E58A94CA5}.Release|x64.ActiveCfg = Release|x64
		{EA98207B-DDC0-446A-A7EA-276E58A94CA5}.Release|x64.Build.0 = Release|x64
		{EA98207B-DDC0-446A-A7EA-276E58A94CA5}.Release|x64.Deploy.0 = Release|x64
		{EA98207B-DDC0-446A-A7EA-276E58A94CA5}.Release|x86.ActiveCfg = Release|x86
		{EA98207B-DDC0-446A-A7EA-276E58A94CA5}.Release|x86.Build.0 = Release|x86
		{EA98207B-DDC0-446A-A7EA-276E58A94CA5}.Release|x86.Deploy.0 = Release|x86
		{9FDB5EB0-26CA-4DF8-95DF-99A8939761FA}.Ad-Hoc|Any CPU.ActiveCfg = Release|Any CPU
		{9FDB5EB0-26CA-4DF8-95DF-99A8939761FA}.Ad-Hoc|Any CPU.Build.0 = Release|Any CPU
		{9FDB5EB0-26CA-4DF8-95DF-99A8939761FA}.Ad-Hoc|Any CPU.Deploy.0 = Release|Any CPU
		{9FDB5EB0-26CA-4DF8-95DF-99A8939761FA}.Ad-Hoc|ARM.ActiveCfg = Release|ARM
		{9FDB5EB0-26CA-4DF8-95DF-99A8939761FA}.Ad-Hoc|ARM.Build.0 = Release|ARM
		{9FDB5EB0-26CA-4DF8-95DF-99A8939761FA}.Ad-Hoc|ARM.Deploy.0 = Release|ARM
		{9FDB5EB0-26CA-4DF8-95DF-99A8939761FA}.Ad-Hoc|iPhone.ActiveCfg = Release|Any CPU
		{9FDB5EB0-26CA-4DF8-95DF-99A8939761FA}.Ad-Hoc|iPhone.Build.0 = Release|Any CPU
		{9FDB5EB0-26CA-4DF8-95DF-99A8939761FA}.Ad-Hoc|iPhone.Deploy.0 = Release|Any CPU
		{9FDB5EB0-26CA-4DF8-95DF-99A8939761FA}.Ad-Hoc|iPhoneSimulator.ActiveCfg = Release|Any CPU
		{9FDB5EB0-26CA-4DF8-95DF-99A8939761FA}.Ad-Hoc|iPhoneSimulator.Build.0 = Release|Any CPU
		{9FDB5EB0-26CA-4DF8-95DF-99A8939761FA}.Ad-Hoc|iPhoneSimulator.Deploy.0 = Release|Any CPU
		{9FDB5EB0-26CA-4DF8-95DF-99A8939761FA}.Ad-Hoc|x64.ActiveCfg = Release|Any CPU
		{9FDB5EB0-26CA-4DF8-95DF-99A8939761FA}.Ad-Hoc|x64.Build.0 = Release|Any CPU
		{9FDB5EB0-26CA-4DF8-95DF-99A8939761FA}.Ad-Hoc|x64.Deploy.0 = Release|Any CPU
		{9FDB5EB0-26CA-4DF8-95DF-99A8939761FA}.Ad-Hoc|x86.ActiveCfg = Release|x86
		{9FDB5EB0-26CA-4DF8-95DF-99A8939761FA}.Ad-Hoc|x86.Build.0 = Release|x86
		{9FDB5EB0-26CA-4DF8-95DF-99A8939761FA}.Ad-Hoc|x86.Deploy.0 = Release|x86
		{9FDB5EB0-26CA-4DF8-95DF-99A8939761FA}.AppStore|Any CPU.ActiveCfg = Release|Any CPU
		{9FDB5EB0-26CA-4DF8-95DF-99A8939761FA}.AppStore|Any CPU.Build.0 = Release|Any CPU
		{9FDB5EB0-26CA-4DF8-95DF-99A8939761FA}.AppStore|Any CPU.Deploy.0 = Release|Any CPU
		{9FDB5EB0-26CA-4DF8-95DF-99A8939761FA}.AppStore|ARM.ActiveCfg = Release|ARM
		{9FDB5EB0-26CA-4DF8-95DF-99A8939761FA}.AppStore|ARM.Build.0 = Release|ARM
		{9FDB5EB0-26CA-4DF8-95DF-99A8939761FA}.AppStore|ARM.Deploy.0 = Release|ARM
		{9FDB5EB0-26CA-4DF8-95DF-99A8939761FA}.AppStore|iPhone.ActiveCfg = Release|Any CPU
		{9FDB5EB0-26CA-4DF8-95DF-99A8939761FA}.AppStore|iPhone.Build.0 = Release|Any CPU
		{9FDB5EB0-26CA-4DF8-95DF-99A8939761FA}.AppStore|iPhone.Deploy.0 = Release|Any CPU
		{9FDB5EB0-26CA-4DF8-95DF-99A8939761FA}.AppStore|iPhoneSimulator.ActiveCfg = Release|Any CPU
		{9FDB5EB0-26CA-4DF8-95DF-99A8939761FA}.AppStore|iPhoneSimulator.Build.0 = Release|Any CPU
		{9FDB5EB0-26CA-4DF8-95DF-99A8939761FA}.AppStore|iPhoneSimulator.Deploy.0 = Release|Any CPU
		{9FDB5EB0-26CA-4DF8-95DF-99A8939761FA}.AppStore|x64.ActiveCfg = Release|Any CPU
		{9FDB5EB0-26CA-4DF8-95DF-99A8939761FA}.AppStore|x64.Build.0 = Release|Any CPU
		{9FDB5EB0-26CA-4DF8-95DF-99A8939761FA}.AppStore|x64.Deploy.0 = Release|Any CPU
		{9FDB5EB0-26CA-4DF8-95DF-99A8939761FA}.AppStore|x86.ActiveCfg = Release|x86
		{9FDB5EB0-26CA-4DF8-95DF-99A8939761FA}.AppStore|x86.Build.0 = Release|x86
		{9FDB5EB0-26CA-4DF8-95DF-99A8939761FA}.AppStore|x86.Deploy.0 = Release|x86
		{9FDB5EB0-26CA-4DF8-95DF-99A8939761FA}.Debug|Any CPU.ActiveCfg = Debug|Any CPU
		{9FDB5EB0-26CA-4DF8-95DF-99A8939761FA}.Debug|Any CPU.Build.0 = Debug|Any CPU
		{9FDB5EB0-26CA-4DF8-95DF-99A8939761FA}.Debug|Any CPU.Deploy.0 = Debug|Any CPU
		{9FDB5EB0-26CA-4DF8-95DF-99A8939761FA}.Debug|ARM.ActiveCfg = Debug|ARM
		{9FDB5EB0-26CA-4DF8-95DF-99A8939761FA}.Debug|ARM.Build.0 = Debug|ARM
		{9FDB5EB0-26CA-4DF8-95DF-99A8939761FA}.Debug|ARM.Deploy.0 = Debug|ARM
		{9FDB5EB0-26CA-4DF8-95DF-99A8939761FA}.Debug|iPhone.ActiveCfg = Debug|Any CPU
		{9FDB5EB0-26CA-4DF8-95DF-99A8939761FA}.Debug|iPhone.Build.0 = Debug|Any CPU
		{9FDB5EB0-26CA-4DF8-95DF-99A8939761FA}.Debug|iPhone.Deploy.0 = Debug|Any CPU
		{9FDB5EB0-26CA-4DF8-95DF-99A8939761FA}.Debug|iPhoneSimulator.ActiveCfg = Debug|Any CPU
		{9FDB5EB0-26CA-4DF8-95DF-99A8939761FA}.Debug|iPhoneSimulator.Build.0 = Debug|Any CPU
		{9FDB5EB0-26CA-4DF8-95DF-99A8939761FA}.Debug|iPhoneSimulator.Deploy.0 = Debug|Any CPU
		{9FDB5EB0-26CA-4DF8-95DF-99A8939761FA}.Debug|x64.ActiveCfg = Debug|Any CPU
		{9FDB5EB0-26CA-4DF8-95DF-99A8939761FA}.Debug|x64.Build.0 = Debug|Any CPU
		{9FDB5EB0-26CA-4DF8-95DF-99A8939761FA}.Debug|x64.Deploy.0 = Debug|Any CPU
		{9FDB5EB0-26CA-4DF8-95DF-99A8939761FA}.Debug|x86.ActiveCfg = Debug|x86
		{9FDB5EB0-26CA-4DF8-95DF-99A8939761FA}.Debug|x86.Build.0 = Debug|x86
		{9FDB5EB0-26CA-4DF8-95DF-99A8939761FA}.Debug|x86.Deploy.0 = Debug|x86
		{9FDB5EB0-26CA-4DF8-95DF-99A8939761FA}.Release|Any CPU.ActiveCfg = Release|Any CPU
		{9FDB5EB0-26CA-4DF8-95DF-99A8939761FA}.Release|Any CPU.Build.0 = Release|Any CPU
		{9FDB5EB0-26CA-4DF8-95DF-99A8939761FA}.Release|Any CPU.Deploy.0 = Release|Any CPU
		{9FDB5EB0-26CA-4DF8-95DF-99A8939761FA}.Release|ARM.ActiveCfg = Release|ARM
		{9FDB5EB0-26CA-4DF8-95DF-99A8939761FA}.Release|ARM.Build.0 = Release|ARM
		{9FDB5EB0-26CA-4DF8-95DF-99A8939761FA}.Release|ARM.Deploy.0 = Release|ARM
		{9FDB5EB0-26CA-4DF8-95DF-99A8939761FA}.Release|iPhone.ActiveCfg = Release|Any CPU
		{9FDB5EB0-26CA-4DF8-95DF-99A8939761FA}.Release|iPhone.Build.0 = Release|Any CPU
		{9FDB5EB0-26CA-4DF8-95DF-99A8939761FA}.Release|iPhone.Deploy.0 = Release|Any CPU
		{9FDB5EB0-26CA-4DF8-95DF-99A8939761FA}.Release|iPhoneSimulator.ActiveCfg = Release|Any CPU
		{9FDB5EB0-26CA-4DF8-95DF-99A8939761FA}.Release|iPhoneSimulator.Build.0 = Release|Any CPU
		{9FDB5EB0-26CA-4DF8-95DF-99A8939761FA}.Release|iPhoneSimulator.Deploy.0 = Release|Any CPU
		{9FDB5EB0-26CA-4DF8-95DF-99A8939761FA}.Release|x64.ActiveCfg = Release|Any CPU
		{9FDB5EB0-26CA-4DF8-95DF-99A8939761FA}.Release|x64.Build.0 = Release|Any CPU
		{9FDB5EB0-26CA-4DF8-95DF-99A8939761FA}.Release|x64.Deploy.0 = Release|Any CPU
		{9FDB5EB0-26CA-4DF8-95DF-99A8939761FA}.Release|x86.ActiveCfg = Release|x86
		{9FDB5EB0-26CA-4DF8-95DF-99A8939761FA}.Release|x86.Build.0 = Release|x86
		{9FDB5EB0-26CA-4DF8-95DF-99A8939761FA}.Release|x86.Deploy.0 = Release|x86
		{67F9D3A8-F71E-4428-913F-C37AE82CDB24}.Ad-Hoc|Any CPU.ActiveCfg = Release|Any CPU
		{67F9D3A8-F71E-4428-913F-C37AE82CDB24}.Ad-Hoc|Any CPU.Build.0 = Release|Any CPU
		{67F9D3A8-F71E-4428-913F-C37AE82CDB24}.Ad-Hoc|ARM.ActiveCfg = Release|Any CPU
		{67F9D3A8-F71E-4428-913F-C37AE82CDB24}.Ad-Hoc|ARM.Build.0 = Release|Any CPU
		{67F9D3A8-F71E-4428-913F-C37AE82CDB24}.Ad-Hoc|iPhone.ActiveCfg = Release|Any CPU
		{67F9D3A8-F71E-4428-913F-C37AE82CDB24}.Ad-Hoc|iPhone.Build.0 = Release|Any CPU
		{67F9D3A8-F71E-4428-913F-C37AE82CDB24}.Ad-Hoc|iPhoneSimulator.ActiveCfg = Release|Any CPU
		{67F9D3A8-F71E-4428-913F-C37AE82CDB24}.Ad-Hoc|iPhoneSimulator.Build.0 = Release|Any CPU
		{67F9D3A8-F71E-4428-913F-C37AE82CDB24}.Ad-Hoc|x64.ActiveCfg = Release|Any CPU
		{67F9D3A8-F71E-4428-913F-C37AE82CDB24}.Ad-Hoc|x64.Build.0 = Release|Any CPU
		{67F9D3A8-F71E-4428-913F-C37AE82CDB24}.Ad-Hoc|x86.ActiveCfg = Release|Any CPU
		{67F9D3A8-F71E-4428-913F-C37AE82CDB24}.Ad-Hoc|x86.Build.0 = Release|Any CPU
		{67F9D3A8-F71E-4428-913F-C37AE82CDB24}.AppStore|Any CPU.ActiveCfg = Release|Any CPU
		{67F9D3A8-F71E-4428-913F-C37AE82CDB24}.AppStore|Any CPU.Build.0 = Release|Any CPU
		{67F9D3A8-F71E-4428-913F-C37AE82CDB24}.AppStore|ARM.ActiveCfg = Release|Any CPU
		{67F9D3A8-F71E-4428-913F-C37AE82CDB24}.AppStore|ARM.Build.0 = Release|Any CPU
		{67F9D3A8-F71E-4428-913F-C37AE82CDB24}.AppStore|iPhone.ActiveCfg = Release|Any CPU
		{67F9D3A8-F71E-4428-913F-C37AE82CDB24}.AppStore|iPhone.Build.0 = Release|Any CPU
		{67F9D3A8-F71E-4428-913F-C37AE82CDB24}.AppStore|iPhoneSimulator.ActiveCfg = Release|Any CPU
		{67F9D3A8-F71E-4428-913F-C37AE82CDB24}.AppStore|iPhoneSimulator.Build.0 = Release|Any CPU
		{67F9D3A8-F71E-4428-913F-C37AE82CDB24}.AppStore|x64.ActiveCfg = Release|Any CPU
		{67F9D3A8-F71E-4428-913F-C37AE82CDB24}.AppStore|x64.Build.0 = Release|Any CPU
		{67F9D3A8-F71E-4428-913F-C37AE82CDB24}.AppStore|x86.ActiveCfg = Release|Any CPU
		{67F9D3A8-F71E-4428-913F-C37AE82CDB24}.AppStore|x86.Build.0 = Release|Any CPU
		{67F9D3A8-F71E-4428-913F-C37AE82CDB24}.Debug|Any CPU.ActiveCfg = Debug|Any CPU
		{67F9D3A8-F71E-4428-913F-C37AE82CDB24}.Debug|Any CPU.Build.0 = Debug|Any CPU
		{67F9D3A8-F71E-4428-913F-C37AE82CDB24}.Debug|ARM.ActiveCfg = Debug|Any CPU
		{67F9D3A8-F71E-4428-913F-C37AE82CDB24}.Debug|ARM.Build.0 = Debug|Any CPU
		{67F9D3A8-F71E-4428-913F-C37AE82CDB24}.Debug|iPhone.ActiveCfg = Debug|Any CPU
		{67F9D3A8-F71E-4428-913F-C37AE82CDB24}.Debug|iPhoneSimulator.ActiveCfg = Debug|Any CPU
		{67F9D3A8-F71E-4428-913F-C37AE82CDB24}.Debug|iPhoneSimulator.Build.0 = Debug|Any CPU
		{67F9D3A8-F71E-4428-913F-C37AE82CDB24}.Debug|x64.ActiveCfg = Debug|Any CPU
		{67F9D3A8-F71E-4428-913F-C37AE82CDB24}.Debug|x64.Build.0 = Debug|Any CPU
		{67F9D3A8-F71E-4428-913F-C37AE82CDB24}.Debug|x86.ActiveCfg = Debug|Any CPU
		{67F9D3A8-F71E-4428-913F-C37AE82CDB24}.Debug|x86.Build.0 = Debug|Any CPU
		{67F9D3A8-F71E-4428-913F-C37AE82CDB24}.Release|Any CPU.ActiveCfg = Release|Any CPU
		{67F9D3A8-F71E-4428-913F-C37AE82CDB24}.Release|Any CPU.Build.0 = Release|Any CPU
		{67F9D3A8-F71E-4428-913F-C37AE82CDB24}.Release|ARM.ActiveCfg = Release|Any CPU
		{67F9D3A8-F71E-4428-913F-C37AE82CDB24}.Release|ARM.Build.0 = Release|Any CPU
		{67F9D3A8-F71E-4428-913F-C37AE82CDB24}.Release|iPhone.ActiveCfg = Release|Any CPU
		{67F9D3A8-F71E-4428-913F-C37AE82CDB24}.Release|iPhone.Build.0 = Release|Any CPU
		{67F9D3A8-F71E-4428-913F-C37AE82CDB24}.Release|iPhoneSimulator.ActiveCfg = Release|Any CPU
		{67F9D3A8-F71E-4428-913F-C37AE82CDB24}.Release|iPhoneSimulator.Build.0 = Release|Any CPU
		{67F9D3A8-F71E-4428-913F-C37AE82CDB24}.Release|x64.ActiveCfg = Release|Any CPU
		{67F9D3A8-F71E-4428-913F-C37AE82CDB24}.Release|x64.Build.0 = Release|Any CPU
		{67F9D3A8-F71E-4428-913F-C37AE82CDB24}.Release|x86.ActiveCfg = Release|Any CPU
		{67F9D3A8-F71E-4428-913F-C37AE82CDB24}.Release|x86.Build.0 = Release|Any CPU
		{B73D5003-D37E-4932-ABED-F0FC844BE2B2}.Ad-Hoc|Any CPU.ActiveCfg = Release|Any CPU
		{B73D5003-D37E-4932-ABED-F0FC844BE2B2}.Ad-Hoc|Any CPU.Build.0 = Release|Any CPU
		{B73D5003-D37E-4932-ABED-F0FC844BE2B2}.Ad-Hoc|ARM.ActiveCfg = Release|Any CPU
		{B73D5003-D37E-4932-ABED-F0FC844BE2B2}.Ad-Hoc|ARM.Build.0 = Release|Any CPU
		{B73D5003-D37E-4932-ABED-F0FC844BE2B2}.Ad-Hoc|iPhone.ActiveCfg = Release|Any CPU
		{B73D5003-D37E-4932-ABED-F0FC844BE2B2}.Ad-Hoc|iPhone.Build.0 = Release|Any CPU
		{B73D5003-D37E-4932-ABED-F0FC844BE2B2}.Ad-Hoc|iPhoneSimulator.ActiveCfg = Release|Any CPU
		{B73D5003-D37E-4932-ABED-F0FC844BE2B2}.Ad-Hoc|iPhoneSimulator.Build.0 = Release|Any CPU
		{B73D5003-D37E-4932-ABED-F0FC844BE2B2}.Ad-Hoc|x64.ActiveCfg = Release|Any CPU
		{B73D5003-D37E-4932-ABED-F0FC844BE2B2}.Ad-Hoc|x64.Build.0 = Release|Any CPU
		{B73D5003-D37E-4932-ABED-F0FC844BE2B2}.Ad-Hoc|x86.ActiveCfg = Release|Any CPU
		{B73D5003-D37E-4932-ABED-F0FC844BE2B2}.Ad-Hoc|x86.Build.0 = Release|Any CPU
		{B73D5003-D37E-4932-ABED-F0FC844BE2B2}.AppStore|Any CPU.ActiveCfg = Release|Any CPU
		{B73D5003-D37E-4932-ABED-F0FC844BE2B2}.AppStore|Any CPU.Build.0 = Release|Any CPU
		{B73D5003-D37E-4932-ABED-F0FC844BE2B2}.AppStore|ARM.ActiveCfg = Release|Any CPU
		{B73D5003-D37E-4932-ABED-F0FC844BE2B2}.AppStore|ARM.Build.0 = Release|Any CPU
		{B73D5003-D37E-4932-ABED-F0FC844BE2B2}.AppStore|iPhone.ActiveCfg = Release|Any CPU
		{B73D5003-D37E-4932-ABED-F0FC844BE2B2}.AppStore|iPhone.Build.0 = Release|Any CPU
		{B73D5003-D37E-4932-ABED-F0FC844BE2B2}.AppStore|iPhoneSimulator.ActiveCfg = Release|Any CPU
		{B73D5003-D37E-4932-ABED-F0FC844BE2B2}.AppStore|iPhoneSimulator.Build.0 = Release|Any CPU
		{B73D5003-D37E-4932-ABED-F0FC844BE2B2}.AppStore|x64.ActiveCfg = Release|Any CPU
		{B73D5003-D37E-4932-ABED-F0FC844BE2B2}.AppStore|x64.Build.0 = Release|Any CPU
		{B73D5003-D37E-4932-ABED-F0FC844BE2B2}.AppStore|x86.ActiveCfg = Release|Any CPU
		{B73D5003-D37E-4932-ABED-F0FC844BE2B2}.AppStore|x86.Build.0 = Release|Any CPU
		{B73D5003-D37E-4932-ABED-F0FC844BE2B2}.Debug|Any CPU.ActiveCfg = Debug|Any CPU
		{B73D5003-D37E-4932-ABED-F0FC844BE2B2}.Debug|Any CPU.Build.0 = Debug|Any CPU
		{B73D5003-D37E-4932-ABED-F0FC844BE2B2}.Debug|ARM.ActiveCfg = Debug|Any CPU
		{B73D5003-D37E-4932-ABED-F0FC844BE2B2}.Debug|ARM.Build.0 = Debug|Any CPU
		{B73D5003-D37E-4932-ABED-F0FC844BE2B2}.Debug|iPhone.ActiveCfg = Debug|Any CPU
		{B73D5003-D37E-4932-ABED-F0FC844BE2B2}.Debug|iPhone.Build.0 = Debug|Any CPU
		{B73D5003-D37E-4932-ABED-F0FC844BE2B2}.Debug|iPhoneSimulator.ActiveCfg = Debug|Any CPU
		{B73D5003-D37E-4932-ABED-F0FC844BE2B2}.Debug|iPhoneSimulator.Build.0 = Debug|Any CPU
		{B73D5003-D37E-4932-ABED-F0FC844BE2B2}.Debug|x64.ActiveCfg = Debug|Any CPU
		{B73D5003-D37E-4932-ABED-F0FC844BE2B2}.Debug|x64.Build.0 = Debug|Any CPU
		{B73D5003-D37E-4932-ABED-F0FC844BE2B2}.Debug|x86.ActiveCfg = Debug|Any CPU
		{B73D5003-D37E-4932-ABED-F0FC844BE2B2}.Debug|x86.Build.0 = Debug|Any CPU
		{B73D5003-D37E-4932-ABED-F0FC844BE2B2}.Release|Any CPU.ActiveCfg = Release|Any CPU
		{B73D5003-D37E-4932-ABED-F0FC844BE2B2}.Release|Any CPU.Build.0 = Release|Any CPU
		{B73D5003-D37E-4932-ABED-F0FC844BE2B2}.Release|ARM.ActiveCfg = Release|Any CPU
		{B73D5003-D37E-4932-ABED-F0FC844BE2B2}.Release|ARM.Build.0 = Release|Any CPU
		{B73D5003-D37E-4932-ABED-F0FC844BE2B2}.Release|iPhone.ActiveCfg = Release|Any CPU
		{B73D5003-D37E-4932-ABED-F0FC844BE2B2}.Release|iPhone.Build.0 = Release|Any CPU
		{B73D5003-D37E-4932-ABED-F0FC844BE2B2}.Release|iPhoneSimulator.ActiveCfg = Release|Any CPU
		{B73D5003-D37E-4932-ABED-F0FC844BE2B2}.Release|iPhoneSimulator.Build.0 = Release|Any CPU
		{B73D5003-D37E-4932-ABED-F0FC844BE2B2}.Release|x64.ActiveCfg = Release|Any CPU
		{B73D5003-D37E-4932-ABED-F0FC844BE2B2}.Release|x64.Build.0 = Release|Any CPU
		{B73D5003-D37E-4932-ABED-F0FC844BE2B2}.Release|x86.ActiveCfg = Release|Any CPU
		{B73D5003-D37E-4932-ABED-F0FC844BE2B2}.Release|x86.Build.0 = Release|Any CPU
		{DBCF2329-27C6-496B-B060-4E3B68445B0C}.Ad-Hoc|Any CPU.ActiveCfg = Release|Any CPU
		{DBCF2329-27C6-496B-B060-4E3B68445B0C}.Ad-Hoc|Any CPU.Build.0 = Release|Any CPU
		{DBCF2329-27C6-496B-B060-4E3B68445B0C}.Ad-Hoc|ARM.ActiveCfg = Release|Any CPU
		{DBCF2329-27C6-496B-B060-4E3B68445B0C}.Ad-Hoc|ARM.Build.0 = Release|Any CPU
		{DBCF2329-27C6-496B-B060-4E3B68445B0C}.Ad-Hoc|iPhone.ActiveCfg = Release|Any CPU
		{DBCF2329-27C6-496B-B060-4E3B68445B0C}.Ad-Hoc|iPhone.Build.0 = Release|Any CPU
		{DBCF2329-27C6-496B-B060-4E3B68445B0C}.Ad-Hoc|iPhoneSimulator.ActiveCfg = Release|Any CPU
		{DBCF2329-27C6-496B-B060-4E3B68445B0C}.Ad-Hoc|iPhoneSimulator.Build.0 = Release|Any CPU
		{DBCF2329-27C6-496B-B060-4E3B68445B0C}.Ad-Hoc|x64.ActiveCfg = Release|Any CPU
		{DBCF2329-27C6-496B-B060-4E3B68445B0C}.Ad-Hoc|x64.Build.0 = Release|Any CPU
		{DBCF2329-27C6-496B-B060-4E3B68445B0C}.Ad-Hoc|x86.ActiveCfg = Release|Any CPU
		{DBCF2329-27C6-496B-B060-4E3B68445B0C}.Ad-Hoc|x86.Build.0 = Release|Any CPU
		{DBCF2329-27C6-496B-B060-4E3B68445B0C}.AppStore|Any CPU.ActiveCfg = Release|Any CPU
		{DBCF2329-27C6-496B-B060-4E3B68445B0C}.AppStore|Any CPU.Build.0 = Release|Any CPU
		{DBCF2329-27C6-496B-B060-4E3B68445B0C}.AppStore|ARM.ActiveCfg = Release|Any CPU
		{DBCF2329-27C6-496B-B060-4E3B68445B0C}.AppStore|ARM.Build.0 = Release|Any CPU
		{DBCF2329-27C6-496B-B060-4E3B68445B0C}.AppStore|iPhone.ActiveCfg = Release|Any CPU
		{DBCF2329-27C6-496B-B060-4E3B68445B0C}.AppStore|iPhone.Build.0 = Release|Any CPU
		{DBCF2329-27C6-496B-B060-4E3B68445B0C}.AppStore|iPhoneSimulator.ActiveCfg = Release|Any CPU
		{DBCF2329-27C6-496B-B060-4E3B68445B0C}.AppStore|iPhoneSimulator.Build.0 = Release|Any CPU
		{DBCF2329-27C6-496B-B060-4E3B68445B0C}.AppStore|x64.ActiveCfg = Release|Any CPU
		{DBCF2329-27C6-496B-B060-4E3B68445B0C}.AppStore|x64.Build.0 = Release|Any CPU
		{DBCF2329-27C6-496B-B060-4E3B68445B0C}.AppStore|x86.ActiveCfg = Release|Any CPU
		{DBCF2329-27C6-496B-B060-4E3B68445B0C}.AppStore|x86.Build.0 = Release|Any CPU
		{DBCF2329-27C6-496B-B060-4E3B68445B0C}.Debug|Any CPU.ActiveCfg = Debug|Any CPU
		{DBCF2329-27C6-496B-B060-4E3B68445B0C}.Debug|ARM.ActiveCfg = Debug|Any CPU
		{DBCF2329-27C6-496B-B060-4E3B68445B0C}.Debug|ARM.Build.0 = Debug|Any CPU
		{DBCF2329-27C6-496B-B060-4E3B68445B0C}.Debug|iPhone.ActiveCfg = Debug|Any CPU
		{DBCF2329-27C6-496B-B060-4E3B68445B0C}.Debug|iPhone.Build.0 = Debug|Any CPU
		{DBCF2329-27C6-496B-B060-4E3B68445B0C}.Debug|iPhoneSimulator.ActiveCfg = Debug|Any CPU
		{DBCF2329-27C6-496B-B060-4E3B68445B0C}.Debug|iPhoneSimulator.Build.0 = Debug|Any CPU
		{DBCF2329-27C6-496B-B060-4E3B68445B0C}.Debug|x64.ActiveCfg = Debug|Any CPU
		{DBCF2329-27C6-496B-B060-4E3B68445B0C}.Debug|x64.Build.0 = Debug|Any CPU
		{DBCF2329-27C6-496B-B060-4E3B68445B0C}.Debug|x86.ActiveCfg = Debug|Any CPU
		{DBCF2329-27C6-496B-B060-4E3B68445B0C}.Debug|x86.Build.0 = Debug|Any CPU
		{DBCF2329-27C6-496B-B060-4E3B68445B0C}.Release|Any CPU.ActiveCfg = Release|Any CPU
		{DBCF2329-27C6-496B-B060-4E3B68445B0C}.Release|Any CPU.Build.0 = Release|Any CPU
		{DBCF2329-27C6-496B-B060-4E3B68445B0C}.Release|ARM.ActiveCfg = Release|Any CPU
		{DBCF2329-27C6-496B-B060-4E3B68445B0C}.Release|ARM.Build.0 = Release|Any CPU
		{DBCF2329-27C6-496B-B060-4E3B68445B0C}.Release|iPhone.ActiveCfg = Release|Any CPU
		{DBCF2329-27C6-496B-B060-4E3B68445B0C}.Release|iPhone.Build.0 = Release|Any CPU
		{DBCF2329-27C6-496B-B060-4E3B68445B0C}.Release|iPhoneSimulator.ActiveCfg = Release|Any CPU
		{DBCF2329-27C6-496B-B060-4E3B68445B0C}.Release|iPhoneSimulator.Build.0 = Release|Any CPU
		{DBCF2329-27C6-496B-B060-4E3B68445B0C}.Release|x64.ActiveCfg = Release|Any CPU
		{DBCF2329-27C6-496B-B060-4E3B68445B0C}.Release|x64.Build.0 = Release|Any CPU
		{DBCF2329-27C6-496B-B060-4E3B68445B0C}.Release|x86.ActiveCfg = Release|Any CPU
		{DBCF2329-27C6-496B-B060-4E3B68445B0C}.Release|x86.Build.0 = Release|Any CPU
		{5E414CA8-E9B8-4643-A0E2-CF5C1AA72C2B}.Ad-Hoc|Any CPU.ActiveCfg = Release|Any CPU
		{5E414CA8-E9B8-4643-A0E2-CF5C1AA72C2B}.Ad-Hoc|Any CPU.Build.0 = Release|Any CPU
		{5E414CA8-E9B8-4643-A0E2-CF5C1AA72C2B}.Ad-Hoc|ARM.ActiveCfg = Release|Any CPU
		{5E414CA8-E9B8-4643-A0E2-CF5C1AA72C2B}.Ad-Hoc|ARM.Build.0 = Release|Any CPU
		{5E414CA8-E9B8-4643-A0E2-CF5C1AA72C2B}.Ad-Hoc|iPhone.ActiveCfg = Release|Any CPU
		{5E414CA8-E9B8-4643-A0E2-CF5C1AA72C2B}.Ad-Hoc|iPhone.Build.0 = Release|Any CPU
		{5E414CA8-E9B8-4643-A0E2-CF5C1AA72C2B}.Ad-Hoc|iPhoneSimulator.ActiveCfg = Release|Any CPU
		{5E414CA8-E9B8-4643-A0E2-CF5C1AA72C2B}.Ad-Hoc|iPhoneSimulator.Build.0 = Release|Any CPU
		{5E414CA8-E9B8-4643-A0E2-CF5C1AA72C2B}.Ad-Hoc|x64.ActiveCfg = Release|Any CPU
		{5E414CA8-E9B8-4643-A0E2-CF5C1AA72C2B}.Ad-Hoc|x64.Build.0 = Release|Any CPU
		{5E414CA8-E9B8-4643-A0E2-CF5C1AA72C2B}.Ad-Hoc|x86.ActiveCfg = Release|Any CPU
		{5E414CA8-E9B8-4643-A0E2-CF5C1AA72C2B}.Ad-Hoc|x86.Build.0 = Release|Any CPU
		{5E414CA8-E9B8-4643-A0E2-CF5C1AA72C2B}.AppStore|Any CPU.ActiveCfg = Release|Any CPU
		{5E414CA8-E9B8-4643-A0E2-CF5C1AA72C2B}.AppStore|Any CPU.Build.0 = Release|Any CPU
		{5E414CA8-E9B8-4643-A0E2-CF5C1AA72C2B}.AppStore|ARM.ActiveCfg = Release|Any CPU
		{5E414CA8-E9B8-4643-A0E2-CF5C1AA72C2B}.AppStore|ARM.Build.0 = Release|Any CPU
		{5E414CA8-E9B8-4643-A0E2-CF5C1AA72C2B}.AppStore|iPhone.ActiveCfg = Release|Any CPU
		{5E414CA8-E9B8-4643-A0E2-CF5C1AA72C2B}.AppStore|iPhone.Build.0 = Release|Any CPU
		{5E414CA8-E9B8-4643-A0E2-CF5C1AA72C2B}.AppStore|iPhoneSimulator.ActiveCfg = Release|Any CPU
		{5E414CA8-E9B8-4643-A0E2-CF5C1AA72C2B}.AppStore|iPhoneSimulator.Build.0 = Release|Any CPU
		{5E414CA8-E9B8-4643-A0E2-CF5C1AA72C2B}.AppStore|x64.ActiveCfg = Release|Any CPU
		{5E414CA8-E9B8-4643-A0E2-CF5C1AA72C2B}.AppStore|x64.Build.0 = Release|Any CPU
		{5E414CA8-E9B8-4643-A0E2-CF5C1AA72C2B}.AppStore|x86.ActiveCfg = Release|Any CPU
		{5E414CA8-E9B8-4643-A0E2-CF5C1AA72C2B}.AppStore|x86.Build.0 = Release|Any CPU
		{5E414CA8-E9B8-4643-A0E2-CF5C1AA72C2B}.Debug|Any CPU.ActiveCfg = Debug|Any CPU
		{5E414CA8-E9B8-4643-A0E2-CF5C1AA72C2B}.Debug|Any CPU.Build.0 = Debug|Any CPU
		{5E414CA8-E9B8-4643-A0E2-CF5C1AA72C2B}.Debug|ARM.ActiveCfg = Debug|Any CPU
		{5E414CA8-E9B8-4643-A0E2-CF5C1AA72C2B}.Debug|ARM.Build.0 = Debug|Any CPU
		{5E414CA8-E9B8-4643-A0E2-CF5C1AA72C2B}.Debug|iPhone.ActiveCfg = Debug|Any CPU
		{5E414CA8-E9B8-4643-A0E2-CF5C1AA72C2B}.Debug|iPhone.Build.0 = Debug|Any CPU
		{5E414CA8-E9B8-4643-A0E2-CF5C1AA72C2B}.Debug|iPhoneSimulator.ActiveCfg = Debug|Any CPU
		{5E414CA8-E9B8-4643-A0E2-CF5C1AA72C2B}.Debug|iPhoneSimulator.Build.0 = Debug|Any CPU
		{5E414CA8-E9B8-4643-A0E2-CF5C1AA72C2B}.Debug|x64.ActiveCfg = Debug|Any CPU
		{5E414CA8-E9B8-4643-A0E2-CF5C1AA72C2B}.Debug|x64.Build.0 = Debug|Any CPU
		{5E414CA8-E9B8-4643-A0E2-CF5C1AA72C2B}.Debug|x86.ActiveCfg = Debug|Any CPU
		{5E414CA8-E9B8-4643-A0E2-CF5C1AA72C2B}.Debug|x86.Build.0 = Debug|Any CPU
		{5E414CA8-E9B8-4643-A0E2-CF5C1AA72C2B}.Release|Any CPU.ActiveCfg = Release|Any CPU
		{5E414CA8-E9B8-4643-A0E2-CF5C1AA72C2B}.Release|Any CPU.Build.0 = Release|Any CPU
		{5E414CA8-E9B8-4643-A0E2-CF5C1AA72C2B}.Release|ARM.ActiveCfg = Release|Any CPU
		{5E414CA8-E9B8-4643-A0E2-CF5C1AA72C2B}.Release|ARM.Build.0 = Release|Any CPU
		{5E414CA8-E9B8-4643-A0E2-CF5C1AA72C2B}.Release|iPhone.ActiveCfg = Release|Any CPU
		{5E414CA8-E9B8-4643-A0E2-CF5C1AA72C2B}.Release|iPhone.Build.0 = Release|Any CPU
		{5E414CA8-E9B8-4643-A0E2-CF5C1AA72C2B}.Release|iPhoneSimulator.ActiveCfg = Release|Any CPU
		{5E414CA8-E9B8-4643-A0E2-CF5C1AA72C2B}.Release|iPhoneSimulator.Build.0 = Release|Any CPU
		{5E414CA8-E9B8-4643-A0E2-CF5C1AA72C2B}.Release|x64.ActiveCfg = Release|Any CPU
		{5E414CA8-E9B8-4643-A0E2-CF5C1AA72C2B}.Release|x64.Build.0 = Release|Any CPU
		{5E414CA8-E9B8-4643-A0E2-CF5C1AA72C2B}.Release|x86.ActiveCfg = Release|Any CPU
		{5E414CA8-E9B8-4643-A0E2-CF5C1AA72C2B}.Release|x86.Build.0 = Release|Any CPU
		{7EC5E8D5-FC7E-4FCE-B830-8F3FFDAA7FC2}.Ad-Hoc|Any CPU.ActiveCfg = Release|Any CPU
		{7EC5E8D5-FC7E-4FCE-B830-8F3FFDAA7FC2}.Ad-Hoc|Any CPU.Build.0 = Release|Any CPU
		{7EC5E8D5-FC7E-4FCE-B830-8F3FFDAA7FC2}.Ad-Hoc|ARM.ActiveCfg = Release|Any CPU
		{7EC5E8D5-FC7E-4FCE-B830-8F3FFDAA7FC2}.Ad-Hoc|ARM.Build.0 = Release|Any CPU
		{7EC5E8D5-FC7E-4FCE-B830-8F3FFDAA7FC2}.Ad-Hoc|iPhone.ActiveCfg = Release|Any CPU
		{7EC5E8D5-FC7E-4FCE-B830-8F3FFDAA7FC2}.Ad-Hoc|iPhone.Build.0 = Release|Any CPU
		{7EC5E8D5-FC7E-4FCE-B830-8F3FFDAA7FC2}.Ad-Hoc|iPhoneSimulator.ActiveCfg = Release|Any CPU
		{7EC5E8D5-FC7E-4FCE-B830-8F3FFDAA7FC2}.Ad-Hoc|iPhoneSimulator.Build.0 = Release|Any CPU
		{7EC5E8D5-FC7E-4FCE-B830-8F3FFDAA7FC2}.Ad-Hoc|x64.ActiveCfg = Release|Any CPU
		{7EC5E8D5-FC7E-4FCE-B830-8F3FFDAA7FC2}.Ad-Hoc|x64.Build.0 = Release|Any CPU
		{7EC5E8D5-FC7E-4FCE-B830-8F3FFDAA7FC2}.Ad-Hoc|x86.ActiveCfg = Release|Any CPU
		{7EC5E8D5-FC7E-4FCE-B830-8F3FFDAA7FC2}.Ad-Hoc|x86.Build.0 = Release|Any CPU
		{7EC5E8D5-FC7E-4FCE-B830-8F3FFDAA7FC2}.AppStore|Any CPU.ActiveCfg = Release|Any CPU
		{7EC5E8D5-FC7E-4FCE-B830-8F3FFDAA7FC2}.AppStore|Any CPU.Build.0 = Release|Any CPU
		{7EC5E8D5-FC7E-4FCE-B830-8F3FFDAA7FC2}.AppStore|ARM.ActiveCfg = Release|Any CPU
		{7EC5E8D5-FC7E-4FCE-B830-8F3FFDAA7FC2}.AppStore|ARM.Build.0 = Release|Any CPU
		{7EC5E8D5-FC7E-4FCE-B830-8F3FFDAA7FC2}.AppStore|iPhone.ActiveCfg = Release|Any CPU
		{7EC5E8D5-FC7E-4FCE-B830-8F3FFDAA7FC2}.AppStore|iPhone.Build.0 = Release|Any CPU
		{7EC5E8D5-FC7E-4FCE-B830-8F3FFDAA7FC2}.AppStore|iPhoneSimulator.ActiveCfg = Release|Any CPU
		{7EC5E8D5-FC7E-4FCE-B830-8F3FFDAA7FC2}.AppStore|iPhoneSimulator.Build.0 = Release|Any CPU
		{7EC5E8D5-FC7E-4FCE-B830-8F3FFDAA7FC2}.AppStore|x64.ActiveCfg = Release|Any CPU
		{7EC5E8D5-FC7E-4FCE-B830-8F3FFDAA7FC2}.AppStore|x64.Build.0 = Release|Any CPU
		{7EC5E8D5-FC7E-4FCE-B830-8F3FFDAA7FC2}.AppStore|x86.ActiveCfg = Release|Any CPU
		{7EC5E8D5-FC7E-4FCE-B830-8F3FFDAA7FC2}.AppStore|x86.Build.0 = Release|Any CPU
		{7EC5E8D5-FC7E-4FCE-B830-8F3FFDAA7FC2}.Debug|Any CPU.ActiveCfg = Debug|Any CPU
		{7EC5E8D5-FC7E-4FCE-B830-8F3FFDAA7FC2}.Debug|Any CPU.Build.0 = Debug|Any CPU
		{7EC5E8D5-FC7E-4FCE-B830-8F3FFDAA7FC2}.Debug|ARM.ActiveCfg = Debug|Any CPU
		{7EC5E8D5-FC7E-4FCE-B830-8F3FFDAA7FC2}.Debug|ARM.Build.0 = Debug|Any CPU
		{7EC5E8D5-FC7E-4FCE-B830-8F3FFDAA7FC2}.Debug|iPhone.ActiveCfg = Debug|Any CPU
		{7EC5E8D5-FC7E-4FCE-B830-8F3FFDAA7FC2}.Debug|iPhone.Build.0 = Debug|Any CPU
		{7EC5E8D5-FC7E-4FCE-B830-8F3FFDAA7FC2}.Debug|iPhoneSimulator.ActiveCfg = Debug|Any CPU
		{7EC5E8D5-FC7E-4FCE-B830-8F3FFDAA7FC2}.Debug|iPhoneSimulator.Build.0 = Debug|Any CPU
		{7EC5E8D5-FC7E-4FCE-B830-8F3FFDAA7FC2}.Debug|x64.ActiveCfg = Debug|Any CPU
		{7EC5E8D5-FC7E-4FCE-B830-8F3FFDAA7FC2}.Debug|x64.Build.0 = Debug|Any CPU
		{7EC5E8D5-FC7E-4FCE-B830-8F3FFDAA7FC2}.Debug|x86.ActiveCfg = Debug|Any CPU
		{7EC5E8D5-FC7E-4FCE-B830-8F3FFDAA7FC2}.Debug|x86.Build.0 = Debug|Any CPU
		{7EC5E8D5-FC7E-4FCE-B830-8F3FFDAA7FC2}.Release|Any CPU.ActiveCfg = Release|Any CPU
		{7EC5E8D5-FC7E-4FCE-B830-8F3FFDAA7FC2}.Release|Any CPU.Build.0 = Release|Any CPU
		{7EC5E8D5-FC7E-4FCE-B830-8F3FFDAA7FC2}.Release|ARM.ActiveCfg = Release|Any CPU
		{7EC5E8D5-FC7E-4FCE-B830-8F3FFDAA7FC2}.Release|ARM.Build.0 = Release|Any CPU
		{7EC5E8D5-FC7E-4FCE-B830-8F3FFDAA7FC2}.Release|iPhone.ActiveCfg = Release|Any CPU
		{7EC5E8D5-FC7E-4FCE-B830-8F3FFDAA7FC2}.Release|iPhone.Build.0 = Release|Any CPU
		{7EC5E8D5-FC7E-4FCE-B830-8F3FFDAA7FC2}.Release|iPhoneSimulator.ActiveCfg = Release|Any CPU
		{7EC5E8D5-FC7E-4FCE-B830-8F3FFDAA7FC2}.Release|iPhoneSimulator.Build.0 = Release|Any CPU
		{7EC5E8D5-FC7E-4FCE-B830-8F3FFDAA7FC2}.Release|x64.ActiveCfg = Release|Any CPU
		{7EC5E8D5-FC7E-4FCE-B830-8F3FFDAA7FC2}.Release|x64.Build.0 = Release|Any CPU
		{7EC5E8D5-FC7E-4FCE-B830-8F3FFDAA7FC2}.Release|x86.ActiveCfg = Release|Any CPU
		{7EC5E8D5-FC7E-4FCE-B830-8F3FFDAA7FC2}.Release|x86.Build.0 = Release|Any CPU
		{D47C71EE-C66C-4815-82B9-F39546CB88D5}.Ad-Hoc|Any CPU.ActiveCfg = Release|Any CPU
		{D47C71EE-C66C-4815-82B9-F39546CB88D5}.Ad-Hoc|Any CPU.Build.0 = Release|Any CPU
		{D47C71EE-C66C-4815-82B9-F39546CB88D5}.Ad-Hoc|ARM.ActiveCfg = Release|Any CPU
		{D47C71EE-C66C-4815-82B9-F39546CB88D5}.Ad-Hoc|ARM.Build.0 = Release|Any CPU
		{D47C71EE-C66C-4815-82B9-F39546CB88D5}.Ad-Hoc|iPhone.ActiveCfg = Release|Any CPU
		{D47C71EE-C66C-4815-82B9-F39546CB88D5}.Ad-Hoc|iPhone.Build.0 = Release|Any CPU
		{D47C71EE-C66C-4815-82B9-F39546CB88D5}.Ad-Hoc|iPhoneSimulator.ActiveCfg = Release|Any CPU
		{D47C71EE-C66C-4815-82B9-F39546CB88D5}.Ad-Hoc|iPhoneSimulator.Build.0 = Release|Any CPU
		{D47C71EE-C66C-4815-82B9-F39546CB88D5}.Ad-Hoc|x64.ActiveCfg = Release|Any CPU
		{D47C71EE-C66C-4815-82B9-F39546CB88D5}.Ad-Hoc|x64.Build.0 = Release|Any CPU
		{D47C71EE-C66C-4815-82B9-F39546CB88D5}.Ad-Hoc|x86.ActiveCfg = Release|Any CPU
		{D47C71EE-C66C-4815-82B9-F39546CB88D5}.Ad-Hoc|x86.Build.0 = Release|Any CPU
		{D47C71EE-C66C-4815-82B9-F39546CB88D5}.AppStore|Any CPU.ActiveCfg = Release|Any CPU
		{D47C71EE-C66C-4815-82B9-F39546CB88D5}.AppStore|Any CPU.Build.0 = Release|Any CPU
		{D47C71EE-C66C-4815-82B9-F39546CB88D5}.AppStore|ARM.ActiveCfg = Release|Any CPU
		{D47C71EE-C66C-4815-82B9-F39546CB88D5}.AppStore|ARM.Build.0 = Release|Any CPU
		{D47C71EE-C66C-4815-82B9-F39546CB88D5}.AppStore|iPhone.ActiveCfg = Release|Any CPU
		{D47C71EE-C66C-4815-82B9-F39546CB88D5}.AppStore|iPhone.Build.0 = Release|Any CPU
		{D47C71EE-C66C-4815-82B9-F39546CB88D5}.AppStore|iPhoneSimulator.ActiveCfg = Release|Any CPU
		{D47C71EE-C66C-4815-82B9-F39546CB88D5}.AppStore|iPhoneSimulator.Build.0 = Release|Any CPU
		{D47C71EE-C66C-4815-82B9-F39546CB88D5}.AppStore|x64.ActiveCfg = Release|Any CPU
		{D47C71EE-C66C-4815-82B9-F39546CB88D5}.AppStore|x64.Build.0 = Release|Any CPU
		{D47C71EE-C66C-4815-82B9-F39546CB88D5}.AppStore|x86.ActiveCfg = Release|Any CPU
		{D47C71EE-C66C-4815-82B9-F39546CB88D5}.AppStore|x86.Build.0 = Release|Any CPU
		{D47C71EE-C66C-4815-82B9-F39546CB88D5}.Debug|Any CPU.ActiveCfg = Debug|Any CPU
		{D47C71EE-C66C-4815-82B9-F39546CB88D5}.Debug|Any CPU.Build.0 = Debug|Any CPU
		{D47C71EE-C66C-4815-82B9-F39546CB88D5}.Debug|ARM.ActiveCfg = Debug|Any CPU
		{D47C71EE-C66C-4815-82B9-F39546CB88D5}.Debug|ARM.Build.0 = Debug|Any CPU
		{D47C71EE-C66C-4815-82B9-F39546CB88D5}.Debug|iPhone.ActiveCfg = Debug|Any CPU
		{D47C71EE-C66C-4815-82B9-F39546CB88D5}.Debug|iPhone.Build.0 = Debug|Any CPU
		{D47C71EE-C66C-4815-82B9-F39546CB88D5}.Debug|iPhoneSimulator.ActiveCfg = Debug|Any CPU
		{D47C71EE-C66C-4815-82B9-F39546CB88D5}.Debug|iPhoneSimulator.Build.0 = Debug|Any CPU
		{D47C71EE-C66C-4815-82B9-F39546CB88D5}.Debug|x64.ActiveCfg = Debug|Any CPU
		{D47C71EE-C66C-4815-82B9-F39546CB88D5}.Debug|x64.Build.0 = Debug|Any CPU
		{D47C71EE-C66C-4815-82B9-F39546CB88D5}.Debug|x86.ActiveCfg = Debug|Any CPU
		{D47C71EE-C66C-4815-82B9-F39546CB88D5}.Debug|x86.Build.0 = Debug|Any CPU
		{D47C71EE-C66C-4815-82B9-F39546CB88D5}.Release|Any CPU.ActiveCfg = Release|Any CPU
		{D47C71EE-C66C-4815-82B9-F39546CB88D5}.Release|Any CPU.Build.0 = Release|Any CPU
		{D47C71EE-C66C-4815-82B9-F39546CB88D5}.Release|ARM.ActiveCfg = Release|Any CPU
		{D47C71EE-C66C-4815-82B9-F39546CB88D5}.Release|ARM.Build.0 = Release|Any CPU
		{D47C71EE-C66C-4815-82B9-F39546CB88D5}.Release|iPhone.ActiveCfg = Release|Any CPU
		{D47C71EE-C66C-4815-82B9-F39546CB88D5}.Release|iPhone.Build.0 = Release|Any CPU
		{D47C71EE-C66C-4815-82B9-F39546CB88D5}.Release|iPhoneSimulator.ActiveCfg = Release|Any CPU
		{D47C71EE-C66C-4815-82B9-F39546CB88D5}.Release|iPhoneSimulator.Build.0 = Release|Any CPU
		{D47C71EE-C66C-4815-82B9-F39546CB88D5}.Release|x64.ActiveCfg = Release|Any CPU
		{D47C71EE-C66C-4815-82B9-F39546CB88D5}.Release|x64.Build.0 = Release|Any CPU
		{D47C71EE-C66C-4815-82B9-F39546CB88D5}.Release|x86.ActiveCfg = Release|Any CPU
		{D47C71EE-C66C-4815-82B9-F39546CB88D5}.Release|x86.Build.0 = Release|Any CPU
		{B8094309-3C83-46A1-9A6C-A084856E177F}.Ad-Hoc|Any CPU.ActiveCfg = Release|Any CPU
		{B8094309-3C83-46A1-9A6C-A084856E177F}.Ad-Hoc|Any CPU.Build.0 = Release|Any CPU
		{B8094309-3C83-46A1-9A6C-A084856E177F}.Ad-Hoc|ARM.ActiveCfg = Release|Any CPU
		{B8094309-3C83-46A1-9A6C-A084856E177F}.Ad-Hoc|ARM.Build.0 = Release|Any CPU
		{B8094309-3C83-46A1-9A6C-A084856E177F}.Ad-Hoc|iPhone.ActiveCfg = Release|Any CPU
		{B8094309-3C83-46A1-9A6C-A084856E177F}.Ad-Hoc|iPhone.Build.0 = Release|Any CPU
		{B8094309-3C83-46A1-9A6C-A084856E177F}.Ad-Hoc|iPhoneSimulator.ActiveCfg = Release|Any CPU
		{B8094309-3C83-46A1-9A6C-A084856E177F}.Ad-Hoc|iPhoneSimulator.Build.0 = Release|Any CPU
		{B8094309-3C83-46A1-9A6C-A084856E177F}.Ad-Hoc|x64.ActiveCfg = Release|Any CPU
		{B8094309-3C83-46A1-9A6C-A084856E177F}.Ad-Hoc|x64.Build.0 = Release|Any CPU
		{B8094309-3C83-46A1-9A6C-A084856E177F}.Ad-Hoc|x86.ActiveCfg = Release|Any CPU
		{B8094309-3C83-46A1-9A6C-A084856E177F}.Ad-Hoc|x86.Build.0 = Release|Any CPU
		{B8094309-3C83-46A1-9A6C-A084856E177F}.AppStore|Any CPU.ActiveCfg = Release|Any CPU
		{B8094309-3C83-46A1-9A6C-A084856E177F}.AppStore|Any CPU.Build.0 = Release|Any CPU
		{B8094309-3C83-46A1-9A6C-A084856E177F}.AppStore|ARM.ActiveCfg = Release|Any CPU
		{B8094309-3C83-46A1-9A6C-A084856E177F}.AppStore|ARM.Build.0 = Release|Any CPU
		{B8094309-3C83-46A1-9A6C-A084856E177F}.AppStore|iPhone.ActiveCfg = Release|Any CPU
		{B8094309-3C83-46A1-9A6C-A084856E177F}.AppStore|iPhone.Build.0 = Release|Any CPU
		{B8094309-3C83-46A1-9A6C-A084856E177F}.AppStore|iPhoneSimulator.ActiveCfg = Release|Any CPU
		{B8094309-3C83-46A1-9A6C-A084856E177F}.AppStore|iPhoneSimulator.Build.0 = Release|Any CPU
		{B8094309-3C83-46A1-9A6C-A084856E177F}.AppStore|x64.ActiveCfg = Release|Any CPU
		{B8094309-3C83-46A1-9A6C-A084856E177F}.AppStore|x64.Build.0 = Release|Any CPU
		{B8094309-3C83-46A1-9A6C-A084856E177F}.AppStore|x86.ActiveCfg = Release|Any CPU
		{B8094309-3C83-46A1-9A6C-A084856E177F}.AppStore|x86.Build.0 = Release|Any CPU
		{B8094309-3C83-46A1-9A6C-A084856E177F}.Debug|Any CPU.ActiveCfg = Debug|Any CPU
		{B8094309-3C83-46A1-9A6C-A084856E177F}.Debug|Any CPU.Build.0 = Debug|Any CPU
		{B8094309-3C83-46A1-9A6C-A084856E177F}.Debug|ARM.ActiveCfg = Debug|Any CPU
		{B8094309-3C83-46A1-9A6C-A084856E177F}.Debug|ARM.Build.0 = Debug|Any CPU
		{B8094309-3C83-46A1-9A6C-A084856E177F}.Debug|iPhone.ActiveCfg = Debug|Any CPU
		{B8094309-3C83-46A1-9A6C-A084856E177F}.Debug|iPhone.Build.0 = Debug|Any CPU
		{B8094309-3C83-46A1-9A6C-A084856E177F}.Debug|iPhoneSimulator.ActiveCfg = Debug|Any CPU
		{B8094309-3C83-46A1-9A6C-A084856E177F}.Debug|iPhoneSimulator.Build.0 = Debug|Any CPU
		{B8094309-3C83-46A1-9A6C-A084856E177F}.Debug|x64.ActiveCfg = Debug|Any CPU
		{B8094309-3C83-46A1-9A6C-A084856E177F}.Debug|x64.Build.0 = Debug|Any CPU
		{B8094309-3C83-46A1-9A6C-A084856E177F}.Debug|x86.ActiveCfg = Debug|Any CPU
		{B8094309-3C83-46A1-9A6C-A084856E177F}.Debug|x86.Build.0 = Debug|Any CPU
		{B8094309-3C83-46A1-9A6C-A084856E177F}.Release|Any CPU.ActiveCfg = Release|Any CPU
		{B8094309-3C83-46A1-9A6C-A084856E177F}.Release|Any CPU.Build.0 = Release|Any CPU
		{B8094309-3C83-46A1-9A6C-A084856E177F}.Release|ARM.ActiveCfg = Release|Any CPU
		{B8094309-3C83-46A1-9A6C-A084856E177F}.Release|ARM.Build.0 = Release|Any CPU
		{B8094309-3C83-46A1-9A6C-A084856E177F}.Release|iPhone.ActiveCfg = Release|Any CPU
		{B8094309-3C83-46A1-9A6C-A084856E177F}.Release|iPhone.Build.0 = Release|Any CPU
		{B8094309-3C83-46A1-9A6C-A084856E177F}.Release|iPhoneSimulator.ActiveCfg = Release|Any CPU
		{B8094309-3C83-46A1-9A6C-A084856E177F}.Release|iPhoneSimulator.Build.0 = Release|Any CPU
		{B8094309-3C83-46A1-9A6C-A084856E177F}.Release|x64.ActiveCfg = Release|Any CPU
		{B8094309-3C83-46A1-9A6C-A084856E177F}.Release|x64.Build.0 = Release|Any CPU
		{B8094309-3C83-46A1-9A6C-A084856E177F}.Release|x86.ActiveCfg = Release|Any CPU
		{B8094309-3C83-46A1-9A6C-A084856E177F}.Release|x86.Build.0 = Release|Any CPU
		{BE2C2399-A4B7-4E9A-AD93-9B78B167895A}.Ad-Hoc|Any CPU.ActiveCfg = Release|Any CPU
		{BE2C2399-A4B7-4E9A-AD93-9B78B167895A}.Ad-Hoc|Any CPU.Build.0 = Release|Any CPU
		{BE2C2399-A4B7-4E9A-AD93-9B78B167895A}.Ad-Hoc|ARM.ActiveCfg = Release|Any CPU
		{BE2C2399-A4B7-4E9A-AD93-9B78B167895A}.Ad-Hoc|ARM.Build.0 = Release|Any CPU
		{BE2C2399-A4B7-4E9A-AD93-9B78B167895A}.Ad-Hoc|iPhone.ActiveCfg = Release|Any CPU
		{BE2C2399-A4B7-4E9A-AD93-9B78B167895A}.Ad-Hoc|iPhone.Build.0 = Release|Any CPU
		{BE2C2399-A4B7-4E9A-AD93-9B78B167895A}.Ad-Hoc|iPhoneSimulator.ActiveCfg = Release|Any CPU
		{BE2C2399-A4B7-4E9A-AD93-9B78B167895A}.Ad-Hoc|iPhoneSimulator.Build.0 = Release|Any CPU
		{BE2C2399-A4B7-4E9A-AD93-9B78B167895A}.Ad-Hoc|x64.ActiveCfg = Release|Any CPU
		{BE2C2399-A4B7-4E9A-AD93-9B78B167895A}.Ad-Hoc|x64.Build.0 = Release|Any CPU
		{BE2C2399-A4B7-4E9A-AD93-9B78B167895A}.Ad-Hoc|x86.ActiveCfg = Release|Any CPU
		{BE2C2399-A4B7-4E9A-AD93-9B78B167895A}.Ad-Hoc|x86.Build.0 = Release|Any CPU
		{BE2C2399-A4B7-4E9A-AD93-9B78B167895A}.AppStore|Any CPU.ActiveCfg = Release|Any CPU
		{BE2C2399-A4B7-4E9A-AD93-9B78B167895A}.AppStore|Any CPU.Build.0 = Release|Any CPU
		{BE2C2399-A4B7-4E9A-AD93-9B78B167895A}.AppStore|ARM.ActiveCfg = Release|Any CPU
		{BE2C2399-A4B7-4E9A-AD93-9B78B167895A}.AppStore|ARM.Build.0 = Release|Any CPU
		{BE2C2399-A4B7-4E9A-AD93-9B78B167895A}.AppStore|iPhone.ActiveCfg = Release|Any CPU
		{BE2C2399-A4B7-4E9A-AD93-9B78B167895A}.AppStore|iPhone.Build.0 = Release|Any CPU
		{BE2C2399-A4B7-4E9A-AD93-9B78B167895A}.AppStore|iPhoneSimulator.ActiveCfg = Release|Any CPU
		{BE2C2399-A4B7-4E9A-AD93-9B78B167895A}.AppStore|iPhoneSimulator.Build.0 = Release|Any CPU
		{BE2C2399-A4B7-4E9A-AD93-9B78B167895A}.AppStore|x64.ActiveCfg = Release|Any CPU
		{BE2C2399-A4B7-4E9A-AD93-9B78B167895A}.AppStore|x64.Build.0 = Release|Any CPU
		{BE2C2399-A4B7-4E9A-AD93-9B78B167895A}.AppStore|x86.ActiveCfg = Release|Any CPU
		{BE2C2399-A4B7-4E9A-AD93-9B78B167895A}.AppStore|x86.Build.0 = Release|Any CPU
		{BE2C2399-A4B7-4E9A-AD93-9B78B167895A}.Debug|Any CPU.ActiveCfg = Debug|Any CPU
		{BE2C2399-A4B7-4E9A-AD93-9B78B167895A}.Debug|Any CPU.Build.0 = Debug|Any CPU
		{BE2C2399-A4B7-4E9A-AD93-9B78B167895A}.Debug|ARM.ActiveCfg = Debug|Any CPU
		{BE2C2399-A4B7-4E9A-AD93-9B78B167895A}.Debug|ARM.Build.0 = Debug|Any CPU
		{BE2C2399-A4B7-4E9A-AD93-9B78B167895A}.Debug|iPhone.ActiveCfg = Debug|Any CPU
		{BE2C2399-A4B7-4E9A-AD93-9B78B167895A}.Debug|iPhone.Build.0 = Debug|Any CPU
		{BE2C2399-A4B7-4E9A-AD93-9B78B167895A}.Debug|iPhoneSimulator.ActiveCfg = Debug|Any CPU
		{BE2C2399-A4B7-4E9A-AD93-9B78B167895A}.Debug|iPhoneSimulator.Build.0 = Debug|Any CPU
		{BE2C2399-A4B7-4E9A-AD93-9B78B167895A}.Debug|x64.ActiveCfg = Debug|Any CPU
		{BE2C2399-A4B7-4E9A-AD93-9B78B167895A}.Debug|x64.Build.0 = Debug|Any CPU
		{BE2C2399-A4B7-4E9A-AD93-9B78B167895A}.Debug|x86.ActiveCfg = Debug|Any CPU
		{BE2C2399-A4B7-4E9A-AD93-9B78B167895A}.Debug|x86.Build.0 = Debug|Any CPU
		{BE2C2399-A4B7-4E9A-AD93-9B78B167895A}.Release|Any CPU.ActiveCfg = Release|Any CPU
		{BE2C2399-A4B7-4E9A-AD93-9B78B167895A}.Release|Any CPU.Build.0 = Release|Any CPU
		{BE2C2399-A4B7-4E9A-AD93-9B78B167895A}.Release|ARM.ActiveCfg = Release|Any CPU
		{BE2C2399-A4B7-4E9A-AD93-9B78B167895A}.Release|ARM.Build.0 = Release|Any CPU
		{BE2C2399-A4B7-4E9A-AD93-9B78B167895A}.Release|iPhone.ActiveCfg = Release|Any CPU
		{BE2C2399-A4B7-4E9A-AD93-9B78B167895A}.Release|iPhone.Build.0 = Release|Any CPU
		{BE2C2399-A4B7-4E9A-AD93-9B78B167895A}.Release|iPhoneSimulator.ActiveCfg = Release|Any CPU
		{BE2C2399-A4B7-4E9A-AD93-9B78B167895A}.Release|iPhoneSimulator.Build.0 = Release|Any CPU
		{BE2C2399-A4B7-4E9A-AD93-9B78B167895A}.Release|x64.ActiveCfg = Release|Any CPU
		{BE2C2399-A4B7-4E9A-AD93-9B78B167895A}.Release|x64.Build.0 = Release|Any CPU
		{BE2C2399-A4B7-4E9A-AD93-9B78B167895A}.Release|x86.ActiveCfg = Release|Any CPU
		{BE2C2399-A4B7-4E9A-AD93-9B78B167895A}.Release|x86.Build.0 = Release|Any CPU
		{DA63BB22-3A83-4BDD-AC19-00904877F4FA}.Ad-Hoc|Any CPU.ActiveCfg = Release|Any CPU
		{DA63BB22-3A83-4BDD-AC19-00904877F4FA}.Ad-Hoc|Any CPU.Build.0 = Release|Any CPU
		{DA63BB22-3A83-4BDD-AC19-00904877F4FA}.Ad-Hoc|ARM.ActiveCfg = Release|Any CPU
		{DA63BB22-3A83-4BDD-AC19-00904877F4FA}.Ad-Hoc|ARM.Build.0 = Release|Any CPU
		{DA63BB22-3A83-4BDD-AC19-00904877F4FA}.Ad-Hoc|iPhone.ActiveCfg = Release|Any CPU
		{DA63BB22-3A83-4BDD-AC19-00904877F4FA}.Ad-Hoc|iPhone.Build.0 = Release|Any CPU
		{DA63BB22-3A83-4BDD-AC19-00904877F4FA}.Ad-Hoc|iPhoneSimulator.ActiveCfg = Release|Any CPU
		{DA63BB22-3A83-4BDD-AC19-00904877F4FA}.Ad-Hoc|iPhoneSimulator.Build.0 = Release|Any CPU
		{DA63BB22-3A83-4BDD-AC19-00904877F4FA}.Ad-Hoc|x64.ActiveCfg = Release|Any CPU
		{DA63BB22-3A83-4BDD-AC19-00904877F4FA}.Ad-Hoc|x64.Build.0 = Release|Any CPU
		{DA63BB22-3A83-4BDD-AC19-00904877F4FA}.Ad-Hoc|x86.ActiveCfg = Release|Any CPU
		{DA63BB22-3A83-4BDD-AC19-00904877F4FA}.Ad-Hoc|x86.Build.0 = Release|Any CPU
		{DA63BB22-3A83-4BDD-AC19-00904877F4FA}.AppStore|Any CPU.ActiveCfg = Release|Any CPU
		{DA63BB22-3A83-4BDD-AC19-00904877F4FA}.AppStore|Any CPU.Build.0 = Release|Any CPU
		{DA63BB22-3A83-4BDD-AC19-00904877F4FA}.AppStore|ARM.ActiveCfg = Release|Any CPU
		{DA63BB22-3A83-4BDD-AC19-00904877F4FA}.AppStore|ARM.Build.0 = Release|Any CPU
		{DA63BB22-3A83-4BDD-AC19-00904877F4FA}.AppStore|iPhone.ActiveCfg = Release|Any CPU
		{DA63BB22-3A83-4BDD-AC19-00904877F4FA}.AppStore|iPhone.Build.0 = Release|Any CPU
		{DA63BB22-3A83-4BDD-AC19-00904877F4FA}.AppStore|iPhoneSimulator.ActiveCfg = Release|Any CPU
		{DA63BB22-3A83-4BDD-AC19-00904877F4FA}.AppStore|iPhoneSimulator.Build.0 = Release|Any CPU
		{DA63BB22-3A83-4BDD-AC19-00904877F4FA}.AppStore|x64.ActiveCfg = Release|Any CPU
		{DA63BB22-3A83-4BDD-AC19-00904877F4FA}.AppStore|x64.Build.0 = Release|Any CPU
		{DA63BB22-3A83-4BDD-AC19-00904877F4FA}.AppStore|x86.ActiveCfg = Release|Any CPU
		{DA63BB22-3A83-4BDD-AC19-00904877F4FA}.AppStore|x86.Build.0 = Release|Any CPU
		{DA63BB22-3A83-4BDD-AC19-00904877F4FA}.Debug|Any CPU.ActiveCfg = Debug|Any CPU
		{DA63BB22-3A83-4BDD-AC19-00904877F4FA}.Debug|Any CPU.Build.0 = Debug|Any CPU
		{DA63BB22-3A83-4BDD-AC19-00904877F4FA}.Debug|ARM.ActiveCfg = Debug|Any CPU
		{DA63BB22-3A83-4BDD-AC19-00904877F4FA}.Debug|ARM.Build.0 = Debug|Any CPU
		{DA63BB22-3A83-4BDD-AC19-00904877F4FA}.Debug|iPhone.ActiveCfg = Debug|Any CPU
		{DA63BB22-3A83-4BDD-AC19-00904877F4FA}.Debug|iPhone.Build.0 = Debug|Any CPU
		{DA63BB22-3A83-4BDD-AC19-00904877F4FA}.Debug|iPhoneSimulator.ActiveCfg = Debug|Any CPU
		{DA63BB22-3A83-4BDD-AC19-00904877F4FA}.Debug|iPhoneSimulator.Build.0 = Debug|Any CPU
		{DA63BB22-3A83-4BDD-AC19-00904877F4FA}.Debug|x64.ActiveCfg = Debug|Any CPU
		{DA63BB22-3A83-4BDD-AC19-00904877F4FA}.Debug|x64.Build.0 = Debug|Any CPU
		{DA63BB22-3A83-4BDD-AC19-00904877F4FA}.Debug|x86.ActiveCfg = Debug|Any CPU
		{DA63BB22-3A83-4BDD-AC19-00904877F4FA}.Debug|x86.Build.0 = Debug|Any CPU
		{DA63BB22-3A83-4BDD-AC19-00904877F4FA}.Release|Any CPU.ActiveCfg = Release|Any CPU
		{DA63BB22-3A83-4BDD-AC19-00904877F4FA}.Release|Any CPU.Build.0 = Release|Any CPU
		{DA63BB22-3A83-4BDD-AC19-00904877F4FA}.Release|ARM.ActiveCfg = Release|Any CPU
		{DA63BB22-3A83-4BDD-AC19-00904877F4FA}.Release|ARM.Build.0 = Release|Any CPU
		{DA63BB22-3A83-4BDD-AC19-00904877F4FA}.Release|iPhone.ActiveCfg = Release|Any CPU
		{DA63BB22-3A83-4BDD-AC19-00904877F4FA}.Release|iPhone.Build.0 = Release|Any CPU
		{DA63BB22-3A83-4BDD-AC19-00904877F4FA}.Release|iPhoneSimulator.ActiveCfg = Release|Any CPU
		{DA63BB22-3A83-4BDD-AC19-00904877F4FA}.Release|iPhoneSimulator.Build.0 = Release|Any CPU
		{DA63BB22-3A83-4BDD-AC19-00904877F4FA}.Release|x64.ActiveCfg = Release|Any CPU
		{DA63BB22-3A83-4BDD-AC19-00904877F4FA}.Release|x64.Build.0 = Release|Any CPU
		{DA63BB22-3A83-4BDD-AC19-00904877F4FA}.Release|x86.ActiveCfg = Release|Any CPU
		{DA63BB22-3A83-4BDD-AC19-00904877F4FA}.Release|x86.Build.0 = Release|Any CPU
	EndGlobalSection
	GlobalSection(SolutionProperties) = preSolution
		HideSolutionNode = FALSE
	EndGlobalSection
EndGlobal
